// !$*UTF8*$!
{
	archiveVersion = 1;
	classes = {
	};
	objectVersion = 46;
	objects = {

/* Begin PBXBuildFile section */
		410CB2211DB1229400F586B5 /* main.m in Sources */ = {isa = PBXBuildFile; fileRef = 410CB2201DB1229400F586B5 /* main.m */; };
		410CB2241DB1229400F586B5 /* AppDelegate.m in Sources */ = {isa = PBXBuildFile; fileRef = 410CB2231DB1229400F586B5 /* AppDelegate.m */; };
		410CB2271DB1229400F586B5 /* Container.m in Sources */ = {isa = PBXBuildFile; fileRef = 410CB2261DB1229400F586B5 /* Container.m */; };
		410CB22A1DB1229400F586B5 /* Main.storyboard in Resources */ = {isa = PBXBuildFile; fileRef = 410CB2281DB1229400F586B5 /* Main.storyboard */; settings = {ASSET_TAGS = ("Keyboard Area", ); }; };
		410CB22C1DB1229400F586B5 /* Assets.xcassets in Resources */ = {isa = PBXBuildFile; fileRef = 410CB22B1DB1229400F586B5 /* Assets.xcassets */; };
		410CB22F1DB1229400F586B5 /* LaunchScreen.storyboard in Resources */ = {isa = PBXBuildFile; fileRef = 410CB22D1DB1229400F586B5 /* LaunchScreen.storyboard */; };
		4119FF051DB15ECE0061F27F /* AutoCompletionPanelController.m in Sources */ = {isa = PBXBuildFile; fileRef = 4119FF041DB15ECE0061F27F /* AutoCompletionPanelController.m */; };
		4119FF091DB173540061F27F /* CompletionEngine.m in Sources */ = {isa = PBXBuildFile; fileRef = 4119FF081DB173540061F27F /* CompletionEngine.m */; };
		4119FF191DB180490061F27F /* CompletionEngine.m in Sources */ = {isa = PBXBuildFile; fileRef = 4119FF081DB173540061F27F /* CompletionEngine.m */; };
		4119FF1B1DB180940061F27F /* Trie.m in Sources */ = {isa = PBXBuildFile; fileRef = 4119FF1A1DB180940061F27F /* Trie.m */; };
		4119FF1D1DB180C70061F27F /* Trie.m in Sources */ = {isa = PBXBuildFile; fileRef = 4119FF1A1DB180940061F27F /* Trie.m */; };
		413C398B1DC912DD004660C8 /* KeyboardCatagory.m in Sources */ = {isa = PBXBuildFile; fileRef = 413C398A1DC912DD004660C8 /* KeyboardCatagory.m */; };
		413C398C1DC912DD004660C8 /* KeyboardCatagory.m in Sources */ = {isa = PBXBuildFile; fileRef = 413C398A1DC912DD004660C8 /* KeyboardCatagory.m */; };
		413C398D1DC912DD004660C8 /* KeyboardCatagory.m in Sources */ = {isa = PBXBuildFile; fileRef = 413C398A1DC912DD004660C8 /* KeyboardCatagory.m */; };
		413C398E1DC912DD004660C8 /* KeyboardCatagory.m in Sources */ = {isa = PBXBuildFile; fileRef = 413C398A1DC912DD004660C8 /* KeyboardCatagory.m */; };
		413C398F1DC912DD004660C8 /* KeyboardCatagory.m in Sources */ = {isa = PBXBuildFile; fileRef = 413C398A1DC912DD004660C8 /* KeyboardCatagory.m */; };
		413C39901DC912DD004660C8 /* KeyboardCatagory.m in Sources */ = {isa = PBXBuildFile; fileRef = 413C398A1DC912DD004660C8 /* KeyboardCatagory.m */; };
		413C39941DC914EA004660C8 /* CursorCatagoty.m in Sources */ = {isa = PBXBuildFile; fileRef = 413C39931DC914EA004660C8 /* CursorCatagoty.m */; };
		413C39951DC914EA004660C8 /* CursorCatagoty.m in Sources */ = {isa = PBXBuildFile; fileRef = 413C39931DC914EA004660C8 /* CursorCatagoty.m */; };
		413C39961DC914EA004660C8 /* CursorCatagoty.m in Sources */ = {isa = PBXBuildFile; fileRef = 413C39931DC914EA004660C8 /* CursorCatagoty.m */; };
		413C39971DC914EA004660C8 /* CursorCatagoty.m in Sources */ = {isa = PBXBuildFile; fileRef = 413C39931DC914EA004660C8 /* CursorCatagoty.m */; };
		413C39981DC914EA004660C8 /* CursorCatagoty.m in Sources */ = {isa = PBXBuildFile; fileRef = 413C39931DC914EA004660C8 /* CursorCatagoty.m */; };
		413C39991DC914EA004660C8 /* CursorCatagoty.m in Sources */ = {isa = PBXBuildFile; fileRef = 413C39931DC914EA004660C8 /* CursorCatagoty.m */; };
		413C399D1DC918DA004660C8 /* DriveCatagory.m in Sources */ = {isa = PBXBuildFile; fileRef = 413C399C1DC918DA004660C8 /* DriveCatagory.m */; };
		413C399E1DC918DA004660C8 /* DriveCatagory.m in Sources */ = {isa = PBXBuildFile; fileRef = 413C399C1DC918DA004660C8 /* DriveCatagory.m */; };
		413C399F1DC918DA004660C8 /* DriveCatagory.m in Sources */ = {isa = PBXBuildFile; fileRef = 413C399C1DC918DA004660C8 /* DriveCatagory.m */; };
		413C39A01DC918DA004660C8 /* DriveCatagory.m in Sources */ = {isa = PBXBuildFile; fileRef = 413C399C1DC918DA004660C8 /* DriveCatagory.m */; };
		413C39A11DC918DA004660C8 /* DriveCatagory.m in Sources */ = {isa = PBXBuildFile; fileRef = 413C399C1DC918DA004660C8 /* DriveCatagory.m */; };
		413C39A21DC918DA004660C8 /* DriveCatagory.m in Sources */ = {isa = PBXBuildFile; fileRef = 413C399C1DC918DA004660C8 /* DriveCatagory.m */; };
		413C39A51DC9217B004660C8 /* button.jpeg in Resources */ = {isa = PBXBuildFile; fileRef = 413C39A41DC9217B004660C8 /* button.jpeg */; };
		41BA1EF11DB2D5F80004220B /* CompletionEngine.m in Sources */ = {isa = PBXBuildFile; fileRef = 4119FF081DB173540061F27F /* CompletionEngine.m */; };
		41BA1EF21DB2D61F0004220B /* Trie.m in Sources */ = {isa = PBXBuildFile; fileRef = 4119FF1A1DB180940061F27F /* Trie.m */; };
		41F5FD991DBC0EDE00C753B5 /* TrieTests.m in Sources */ = {isa = PBXBuildFile; fileRef = 41F5FD981DBC0EDE00C753B5 /* TrieTests.m */; };
		41F5FDA01DBC11A200C753B5 /* CompletionEngine.m in Sources */ = {isa = PBXBuildFile; fileRef = 4119FF081DB173540061F27F /* CompletionEngine.m */; };
		41F5FDA11DBC11A200C753B5 /* AutoCompletionPanelController.m in Sources */ = {isa = PBXBuildFile; fileRef = 4119FF041DB15ECE0061F27F /* AutoCompletionPanelController.m */; };
		41F5FDA21DBC11A200C753B5 /* Container.m in Sources */ = {isa = PBXBuildFile; fileRef = 410CB2261DB1229400F586B5 /* Container.m */; };
		41F5FDA31DBC11CB00C753B5 /* Trie.m in Sources */ = {isa = PBXBuildFile; fileRef = 4119FF1A1DB180940061F27F /* Trie.m */; };
		41F5FDAB1DBC3F2900C753B5 /* CompletionEngineTest.m in Sources */ = {isa = PBXBuildFile; fileRef = 41F5FDAA1DBC3F2900C753B5 /* CompletionEngineTest.m */; };
		41F5FDB21DBC3F4500C753B5 /* CompletionEngine.m in Sources */ = {isa = PBXBuildFile; fileRef = 4119FF081DB173540061F27F /* CompletionEngine.m */; };
		41F5FDB31DBC3F4500C753B5 /* Trie.m in Sources */ = {isa = PBXBuildFile; fileRef = 4119FF1A1DB180940061F27F /* Trie.m */; };
		41F5FDB41DBC3F4500C753B5 /* AutoCompletionPanelController.m in Sources */ = {isa = PBXBuildFile; fileRef = 4119FF041DB15ECE0061F27F /* AutoCompletionPanelController.m */; };
		41F5FDBC1DBC480000C753B5 /* FunctionalTests.m in Sources */ = {isa = PBXBuildFile; fileRef = 41F5FDBB1DBC480000C753B5 /* FunctionalTests.m */; };
		41F5FDC31DBC481C00C753B5 /* CompletionEngine.m in Sources */ = {isa = PBXBuildFile; fileRef = 4119FF081DB173540061F27F /* CompletionEngine.m */; };
		41F5FDC41DBC481C00C753B5 /* Trie.m in Sources */ = {isa = PBXBuildFile; fileRef = 4119FF1A1DB180940061F27F /* Trie.m */; };
		41F5FDC51DBC481C00C753B5 /* AutoCompletionPanelController.m in Sources */ = {isa = PBXBuildFile; fileRef = 4119FF041DB15ECE0061F27F /* AutoCompletionPanelController.m */; };
		41F5FDC61DBC481C00C753B5 /* Container.m in Sources */ = {isa = PBXBuildFile; fileRef = 410CB2261DB1229400F586B5 /* Container.m */; };
		AA833B238467E3587D2FA3A0 /* libPods-FunctionalTests.a in Frameworks */ = {isa = PBXBuildFile; fileRef = 8167191D054E566186CB4677 /* libPods-FunctionalTests.a */; };
		B0000CE01DC4EFFC00D4AF44 /* _Schema_cpp.txt in Resources */ = {isa = PBXBuildFile; fileRef = B0000CDE1DC4EFFC00D4AF44 /* _Schema_cpp.txt */; };
		B0000CE11DC4EFFC00D4AF44 /* _Schema_cpp.txt in Resources */ = {isa = PBXBuildFile; fileRef = B0000CDE1DC4EFFC00D4AF44 /* _Schema_cpp.txt */; };
		B0000CE21DC4EFFC00D4AF44 /* _Schema_cpp.txt in Resources */ = {isa = PBXBuildFile; fileRef = B0000CDE1DC4EFFC00D4AF44 /* _Schema_cpp.txt */; };
		B0000CE31DC4EFFC00D4AF44 /* _Schema_cpp.txt in Resources */ = {isa = PBXBuildFile; fileRef = B0000CDE1DC4EFFC00D4AF44 /* _Schema_cpp.txt */; };
		B0000CE41DC4EFFC00D4AF44 /* _Schema_cpp.txt in Resources */ = {isa = PBXBuildFile; fileRef = B0000CDE1DC4EFFC00D4AF44 /* _Schema_cpp.txt */; };
		B0000CE51DC4EFFC00D4AF44 /* _Schema_java.txt in Resources */ = {isa = PBXBuildFile; fileRef = B0000CDF1DC4EFFC00D4AF44 /* _Schema_java.txt */; };
		B0000CE61DC4EFFC00D4AF44 /* _Schema_java.txt in Resources */ = {isa = PBXBuildFile; fileRef = B0000CDF1DC4EFFC00D4AF44 /* _Schema_java.txt */; };
		B0000CE71DC4EFFC00D4AF44 /* _Schema_java.txt in Resources */ = {isa = PBXBuildFile; fileRef = B0000CDF1DC4EFFC00D4AF44 /* _Schema_java.txt */; };
		B0000CE81DC4EFFC00D4AF44 /* _Schema_java.txt in Resources */ = {isa = PBXBuildFile; fileRef = B0000CDF1DC4EFFC00D4AF44 /* _Schema_java.txt */; };
		B0000CE91DC4EFFC00D4AF44 /* _Schema_java.txt in Resources */ = {isa = PBXBuildFile; fileRef = B0000CDF1DC4EFFC00D4AF44 /* _Schema_java.txt */; };
		B0000CEB1DC4F40B00D4AF44 /* _Schema_go.txt in Resources */ = {isa = PBXBuildFile; fileRef = B0000CEA1DC4F40B00D4AF44 /* _Schema_go.txt */; };
		B0000CEC1DC4F40B00D4AF44 /* _Schema_go.txt in Resources */ = {isa = PBXBuildFile; fileRef = B0000CEA1DC4F40B00D4AF44 /* _Schema_go.txt */; };
		B0000CED1DC4F40B00D4AF44 /* _Schema_go.txt in Resources */ = {isa = PBXBuildFile; fileRef = B0000CEA1DC4F40B00D4AF44 /* _Schema_go.txt */; };
		B0000CEE1DC4F40B00D4AF44 /* _Schema_go.txt in Resources */ = {isa = PBXBuildFile; fileRef = B0000CEA1DC4F40B00D4AF44 /* _Schema_go.txt */; };
		B0000CEF1DC4F40B00D4AF44 /* _Schema_go.txt in Resources */ = {isa = PBXBuildFile; fileRef = B0000CEA1DC4F40B00D4AF44 /* _Schema_go.txt */; };
		B00F2FCF1DC463220013710C /* CompletionLanguageSelectionController.m in Sources */ = {isa = PBXBuildFile; fileRef = B00F2FCE1DC463220013710C /* CompletionLanguageSelectionController.m */; };
		B051FDD11DC2A107008049DC /* DriveModel.m in Sources */ = {isa = PBXBuildFile; fileRef = B051FDD01DC2A107008049DC /* DriveModel.m */; };
		B051FDD21DC2A107008049DC /* DriveModel.m in Sources */ = {isa = PBXBuildFile; fileRef = B051FDD01DC2A107008049DC /* DriveModel.m */; };
		B051FDD31DC2A107008049DC /* DriveModel.m in Sources */ = {isa = PBXBuildFile; fileRef = B051FDD01DC2A107008049DC /* DriveModel.m */; };
		B051FDD41DC2A107008049DC /* DriveModel.m in Sources */ = {isa = PBXBuildFile; fileRef = B051FDD01DC2A107008049DC /* DriveModel.m */; };
		BDC3F74142777B6CE6260964 /* libPods-CompletionEngineTest.a in Frameworks */ = {isa = PBXBuildFile; fileRef = 16DBCEC1F8ED13B5A4D059C8 /* libPods-CompletionEngineTest.a */; };
		D774FA5B953B59D2D0A1BEFE /* libPods-Programming_Keyboard.a in Frameworks */ = {isa = PBXBuildFile; fileRef = A59693CAE41EC25C05E6BE85 /* libPods-Programming_Keyboard.a */; };
		F58407F5D6C557BFC23EA62C /* libPods-Programming_KeyboardTests.a in Frameworks */ = {isa = PBXBuildFile; fileRef = C1462E3BB3D14E2FB89C19BE /* libPods-Programming_KeyboardTests.a */; };
/* End PBXBuildFile section */

/* Begin PBXContainerItemProxy section */
		41F5FD9B1DBC0EDE00C753B5 /* PBXContainerItemProxy */ = {
			isa = PBXContainerItemProxy;
			containerPortal = 410CB2141DB1229400F586B5 /* Project object */;
			proxyType = 1;
			remoteGlobalIDString = 410CB21B1DB1229400F586B5;
			remoteInfo = Programming_Keyboard;
		};
		41F5FDAD1DBC3F2900C753B5 /* PBXContainerItemProxy */ = {
			isa = PBXContainerItemProxy;
			containerPortal = 410CB2141DB1229400F586B5 /* Project object */;
			proxyType = 1;
			remoteGlobalIDString = 410CB21B1DB1229400F586B5;
			remoteInfo = Programming_Keyboard;
		};
		41F5FDBE1DBC480000C753B5 /* PBXContainerItemProxy */ = {
			isa = PBXContainerItemProxy;
			containerPortal = 410CB2141DB1229400F586B5 /* Project object */;
			proxyType = 1;
			remoteGlobalIDString = 410CB21B1DB1229400F586B5;
			remoteInfo = Programming_Keyboard;
		};
/* End PBXContainerItemProxy section */

/* Begin PBXCopyFilesBuildPhase section */
		4119FF101DB17E2D0061F27F /* CopyFiles */ = {
			isa = PBXCopyFilesBuildPhase;
			buildActionMask = 2147483647;
			dstPath = /usr/share/man/man1/;
			dstSubfolderSpec = 0;
			files = (
			);
			runOnlyForDeploymentPostprocessing = 1;
		};
/* End PBXCopyFilesBuildPhase section */

/* Begin PBXFileReference section */
		16DBCEC1F8ED13B5A4D059C8 /* libPods-CompletionEngineTest.a */ = {isa = PBXFileReference; explicitFileType = archive.ar; includeInIndex = 0; path = "libPods-CompletionEngineTest.a"; sourceTree = BUILT_PRODUCTS_DIR; };
		2652A6D41125548FBCA38BF7 /* Pods-Programming_Keyboard.release.xcconfig */ = {isa = PBXFileReference; includeInIndex = 1; lastKnownFileType = text.xcconfig; name = "Pods-Programming_Keyboard.release.xcconfig"; path = "Pods/Target Support Files/Pods-Programming_Keyboard/Pods-Programming_Keyboard.release.xcconfig"; sourceTree = "<group>"; };
		410CB21C1DB1229400F586B5 /* Programming_Keyboard.app */ = {isa = PBXFileReference; explicitFileType = wrapper.application; includeInIndex = 0; path = Programming_Keyboard.app; sourceTree = BUILT_PRODUCTS_DIR; };
		410CB2201DB1229400F586B5 /* main.m */ = {isa = PBXFileReference; lastKnownFileType = sourcecode.c.objc; path = main.m; sourceTree = "<group>"; };
		410CB2221DB1229400F586B5 /* AppDelegate.h */ = {isa = PBXFileReference; lastKnownFileType = sourcecode.c.h; path = AppDelegate.h; sourceTree = "<group>"; };
		410CB2231DB1229400F586B5 /* AppDelegate.m */ = {isa = PBXFileReference; lastKnownFileType = sourcecode.c.objc; path = AppDelegate.m; sourceTree = "<group>"; };
		410CB2251DB1229400F586B5 /* Container.h */ = {isa = PBXFileReference; lastKnownFileType = sourcecode.c.h; path = Container.h; sourceTree = "<group>"; };
		410CB2261DB1229400F586B5 /* Container.m */ = {isa = PBXFileReference; lastKnownFileType = sourcecode.c.objc; path = Container.m; sourceTree = "<group>"; };
		410CB2291DB1229400F586B5 /* Base */ = {isa = PBXFileReference; lastKnownFileType = file.storyboard; name = Base; path = Base.lproj/Main.storyboard; sourceTree = "<group>"; };
		410CB22B1DB1229400F586B5 /* Assets.xcassets */ = {isa = PBXFileReference; lastKnownFileType = folder.assetcatalog; path = Assets.xcassets; sourceTree = "<group>"; };
		410CB22E1DB1229400F586B5 /* Base */ = {isa = PBXFileReference; lastKnownFileType = file.storyboard; name = Base; path = Base.lproj/LaunchScreen.storyboard; sourceTree = "<group>"; };
		410CB2301DB1229400F586B5 /* Info.plist */ = {isa = PBXFileReference; lastKnownFileType = text.plist.xml; path = Info.plist; sourceTree = "<group>"; };
		4119FF031DB15ECE0061F27F /* AutoCompletionPanelController.h */ = {isa = PBXFileReference; fileEncoding = 4; lastKnownFileType = sourcecode.c.h; path = AutoCompletionPanelController.h; sourceTree = "<group>"; };
		4119FF041DB15ECE0061F27F /* AutoCompletionPanelController.m */ = {isa = PBXFileReference; fileEncoding = 4; lastKnownFileType = sourcecode.c.objc; path = AutoCompletionPanelController.m; sourceTree = "<group>"; };
		4119FF081DB173540061F27F /* CompletionEngine.m */ = {isa = PBXFileReference; fileEncoding = 4; lastKnownFileType = sourcecode.c.objc; path = CompletionEngine.m; sourceTree = "<group>"; };
		4119FF0A1DB173640061F27F /* CompletionEngine.h */ = {isa = PBXFileReference; lastKnownFileType = sourcecode.c.h; path = CompletionEngine.h; sourceTree = "<group>"; };
		4119FF121DB17E2D0061F27F /* trieTest */ = {isa = PBXFileReference; explicitFileType = "compiled.mach-o.executable"; includeInIndex = 0; path = trieTest; sourceTree = BUILT_PRODUCTS_DIR; };
		4119FF1A1DB180940061F27F /* Trie.m */ = {isa = PBXFileReference; fileEncoding = 4; lastKnownFileType = sourcecode.c.objc; path = Trie.m; sourceTree = "<group>"; };
		4119FF1C1DB180B70061F27F /* Trie.h */ = {isa = PBXFileReference; lastKnownFileType = sourcecode.c.h; path = Trie.h; sourceTree = "<group>"; };
		413C39891DC912DD004660C8 /* KeyboardCatagory.h */ = {isa = PBXFileReference; fileEncoding = 4; lastKnownFileType = sourcecode.c.h; path = KeyboardCatagory.h; sourceTree = "<group>"; };
		413C398A1DC912DD004660C8 /* KeyboardCatagory.m */ = {isa = PBXFileReference; fileEncoding = 4; lastKnownFileType = sourcecode.c.objc; path = KeyboardCatagory.m; sourceTree = "<group>"; };
		413C39921DC914EA004660C8 /* CursorCatagoty.h */ = {isa = PBXFileReference; fileEncoding = 4; lastKnownFileType = sourcecode.c.h; path = CursorCatagoty.h; sourceTree = "<group>"; };
		413C39931DC914EA004660C8 /* CursorCatagoty.m */ = {isa = PBXFileReference; fileEncoding = 4; lastKnownFileType = sourcecode.c.objc; path = CursorCatagoty.m; sourceTree = "<group>"; };
		413C399B1DC918DA004660C8 /* DriveCatagory.h */ = {isa = PBXFileReference; fileEncoding = 4; lastKnownFileType = sourcecode.c.h; path = DriveCatagory.h; sourceTree = "<group>"; };
		413C399C1DC918DA004660C8 /* DriveCatagory.m */ = {isa = PBXFileReference; fileEncoding = 4; lastKnownFileType = sourcecode.c.objc; path = DriveCatagory.m; sourceTree = "<group>"; };
		413C39A31DC91B65004660C8 /* Catagories.h */ = {isa = PBXFileReference; lastKnownFileType = sourcecode.c.h; path = Catagories.h; sourceTree = "<group>"; };
		413C39A41DC9217B004660C8 /* button.jpeg */ = {isa = PBXFileReference; lastKnownFileType = image.jpeg; name = button.jpeg; path = Programming_Keyboard/button.jpeg; sourceTree = "<group>"; };
		41BA1EE91DB2D47B0004220B /* unittests.xctest */ = {isa = PBXFileReference; explicitFileType = wrapper.cfbundle; includeInIndex = 0; path = unittests.xctest; sourceTree = BUILT_PRODUCTS_DIR; };
		41F5FD961DBC0EDE00C753B5 /* Programming_KeyboardTests.xctest */ = {isa = PBXFileReference; explicitFileType = wrapper.cfbundle; includeInIndex = 0; path = Programming_KeyboardTests.xctest; sourceTree = BUILT_PRODUCTS_DIR; };
		41F5FD981DBC0EDE00C753B5 /* TrieTests.m */ = {isa = PBXFileReference; lastKnownFileType = sourcecode.c.objc; path = TrieTests.m; sourceTree = "<group>"; };
		41F5FD9A1DBC0EDE00C753B5 /* Info.plist */ = {isa = PBXFileReference; lastKnownFileType = text.plist.xml; path = Info.plist; sourceTree = "<group>"; };
		41F5FDA81DBC3F2900C753B5 /* CompletionEngineTest.xctest */ = {isa = PBXFileReference; explicitFileType = wrapper.cfbundle; includeInIndex = 0; path = CompletionEngineTest.xctest; sourceTree = BUILT_PRODUCTS_DIR; };
		41F5FDAA1DBC3F2900C753B5 /* CompletionEngineTest.m */ = {isa = PBXFileReference; lastKnownFileType = sourcecode.c.objc; path = CompletionEngineTest.m; sourceTree = "<group>"; };
		41F5FDAC1DBC3F2900C753B5 /* Info.plist */ = {isa = PBXFileReference; lastKnownFileType = text.plist.xml; path = Info.plist; sourceTree = "<group>"; };
		41F5FDB91DBC480000C753B5 /* FunctionalTests.xctest */ = {isa = PBXFileReference; explicitFileType = wrapper.cfbundle; includeInIndex = 0; path = FunctionalTests.xctest; sourceTree = BUILT_PRODUCTS_DIR; };
		41F5FDBB1DBC480000C753B5 /* FunctionalTests.m */ = {isa = PBXFileReference; lastKnownFileType = sourcecode.c.objc; path = FunctionalTests.m; sourceTree = "<group>"; };
		41F5FDBD1DBC480000C753B5 /* Info.plist */ = {isa = PBXFileReference; lastKnownFileType = text.plist.xml; path = Info.plist; sourceTree = "<group>"; };
		733C7F398FC9500D6494EEDD /* Pods-FunctionalTests.release.xcconfig */ = {isa = PBXFileReference; includeInIndex = 1; lastKnownFileType = text.xcconfig; name = "Pods-FunctionalTests.release.xcconfig"; path = "Pods/Target Support Files/Pods-FunctionalTests/Pods-FunctionalTests.release.xcconfig"; sourceTree = "<group>"; };
		7D3FA6062842BE07F9D3647B /* Pods-CompletionEngineTest.debug.xcconfig */ = {isa = PBXFileReference; includeInIndex = 1; lastKnownFileType = text.xcconfig; name = "Pods-CompletionEngineTest.debug.xcconfig"; path = "Pods/Target Support Files/Pods-CompletionEngineTest/Pods-CompletionEngineTest.debug.xcconfig"; sourceTree = "<group>"; };
		8167191D054E566186CB4677 /* libPods-FunctionalTests.a */ = {isa = PBXFileReference; explicitFileType = archive.ar; includeInIndex = 0; path = "libPods-FunctionalTests.a"; sourceTree = BUILT_PRODUCTS_DIR; };
		92830170A03863AE4A27A0C3 /* Pods-Programming_KeyboardTests.release.xcconfig */ = {isa = PBXFileReference; includeInIndex = 1; lastKnownFileType = text.xcconfig; name = "Pods-Programming_KeyboardTests.release.xcconfig"; path = "Pods/Target Support Files/Pods-Programming_KeyboardTests/Pods-Programming_KeyboardTests.release.xcconfig"; sourceTree = "<group>"; };
		9B0455F67C96590B9A02C586 /* Pods-Programming_KeyboardTests.debug.xcconfig */ = {isa = PBXFileReference; includeInIndex = 1; lastKnownFileType = text.xcconfig; name = "Pods-Programming_KeyboardTests.debug.xcconfig"; path = "Pods/Target Support Files/Pods-Programming_KeyboardTests/Pods-Programming_KeyboardTests.debug.xcconfig"; sourceTree = "<group>"; };
		A59693CAE41EC25C05E6BE85 /* libPods-Programming_Keyboard.a */ = {isa = PBXFileReference; explicitFileType = archive.ar; includeInIndex = 0; path = "libPods-Programming_Keyboard.a"; sourceTree = BUILT_PRODUCTS_DIR; };
		B0000CDE1DC4EFFC00D4AF44 /* _Schema_cpp.txt */ = {isa = PBXFileReference; fileEncoding = 4; lastKnownFileType = text; name = _Schema_cpp.txt; path = schemas/_Schema_cpp.txt; sourceTree = "<group>"; };
		B0000CDF1DC4EFFC00D4AF44 /* _Schema_java.txt */ = {isa = PBXFileReference; fileEncoding = 4; lastKnownFileType = text; name = _Schema_java.txt; path = schemas/_Schema_java.txt; sourceTree = "<group>"; };
		B0000CEA1DC4F40B00D4AF44 /* _Schema_go.txt */ = {isa = PBXFileReference; fileEncoding = 4; lastKnownFileType = text; name = _Schema_go.txt; path = schemas/_Schema_go.txt; sourceTree = "<group>"; };
		B00F2FCD1DC463220013710C /* CompletionLanguageSelectionController.h */ = {isa = PBXFileReference; fileEncoding = 4; lastKnownFileType = sourcecode.c.h; path = CompletionLanguageSelectionController.h; sourceTree = "<group>"; };
		B00F2FCE1DC463220013710C /* CompletionLanguageSelectionController.m */ = {isa = PBXFileReference; fileEncoding = 4; lastKnownFileType = sourcecode.c.objc; path = CompletionLanguageSelectionController.m; sourceTree = "<group>"; };
		B051FDD01DC2A107008049DC /* DriveModel.m */ = {isa = PBXFileReference; fileEncoding = 4; lastKnownFileType = sourcecode.c.objc; path = DriveModel.m; sourceTree = "<group>"; };
		B051FDD51DC2A115008049DC /* DriveModel.h */ = {isa = PBXFileReference; lastKnownFileType = sourcecode.c.h; path = DriveModel.h; sourceTree = "<group>"; };
		C1462E3BB3D14E2FB89C19BE /* libPods-Programming_KeyboardTests.a */ = {isa = PBXFileReference; explicitFileType = archive.ar; includeInIndex = 0; path = "libPods-Programming_KeyboardTests.a"; sourceTree = BUILT_PRODUCTS_DIR; };
		C2DF08B2980A97B73AB9FBA6 /* Pods-CompletionEngineTest.release.xcconfig */ = {isa = PBXFileReference; includeInIndex = 1; lastKnownFileType = text.xcconfig; name = "Pods-CompletionEngineTest.release.xcconfig"; path = "Pods/Target Support Files/Pods-CompletionEngineTest/Pods-CompletionEngineTest.release.xcconfig"; sourceTree = "<group>"; };
		D2BAC1800535BB3F8058D2EC /* Pods-FunctionalTests.debug.xcconfig */ = {isa = PBXFileReference; includeInIndex = 1; lastKnownFileType = text.xcconfig; name = "Pods-FunctionalTests.debug.xcconfig"; path = "Pods/Target Support Files/Pods-FunctionalTests/Pods-FunctionalTests.debug.xcconfig"; sourceTree = "<group>"; };
		DC7E0AEDCE75F85DCDB0EB57 /* Pods-Programming_Keyboard.debug.xcconfig */ = {isa = PBXFileReference; includeInIndex = 1; lastKnownFileType = text.xcconfig; name = "Pods-Programming_Keyboard.debug.xcconfig"; path = "Pods/Target Support Files/Pods-Programming_Keyboard/Pods-Programming_Keyboard.debug.xcconfig"; sourceTree = "<group>"; };
/* End PBXFileReference section */

/* Begin PBXFrameworksBuildPhase section */
		410CB2191DB1229400F586B5 /* Frameworks */ = {
			isa = PBXFrameworksBuildPhase;
			buildActionMask = 2147483647;
			files = (
				D774FA5B953B59D2D0A1BEFE /* libPods-Programming_Keyboard.a in Frameworks */,
			);
			runOnlyForDeploymentPostprocessing = 0;
		};
		4119FF0F1DB17E2D0061F27F /* Frameworks */ = {
			isa = PBXFrameworksBuildPhase;
			buildActionMask = 2147483647;
			files = (
			);
			runOnlyForDeploymentPostprocessing = 0;
		};
		41BA1EE61DB2D47B0004220B /* Frameworks */ = {
			isa = PBXFrameworksBuildPhase;
			buildActionMask = 2147483647;
			files = (
			);
			runOnlyForDeploymentPostprocessing = 0;
		};
		41F5FD931DBC0EDE00C753B5 /* Frameworks */ = {
			isa = PBXFrameworksBuildPhase;
			buildActionMask = 2147483647;
			files = (
				F58407F5D6C557BFC23EA62C /* libPods-Programming_KeyboardTests.a in Frameworks */,
			);
			runOnlyForDeploymentPostprocessing = 0;
		};
		41F5FDA51DBC3F2900C753B5 /* Frameworks */ = {
			isa = PBXFrameworksBuildPhase;
			buildActionMask = 2147483647;
			files = (
				BDC3F74142777B6CE6260964 /* libPods-CompletionEngineTest.a in Frameworks */,
			);
			runOnlyForDeploymentPostprocessing = 0;
		};
		41F5FDB61DBC480000C753B5 /* Frameworks */ = {
			isa = PBXFrameworksBuildPhase;
			buildActionMask = 2147483647;
			files = (
				AA833B238467E3587D2FA3A0 /* libPods-FunctionalTests.a in Frameworks */,
			);
			runOnlyForDeploymentPostprocessing = 0;
		};
/* End PBXFrameworksBuildPhase section */

/* Begin PBXGroup section */
		410CB2131DB1229400F586B5 = {
			isa = PBXGroup;
			children = (
				413C39A61DC993E1004660C8 /* Tests */,
				B0000CDC1DC4EFE700D4AF44 /* Resources */,
				410CB21E1DB1229400F586B5 /* Programming_Keyboard */,
				410CB21D1DB1229400F586B5 /* Products */,
				F651990FEA82E8074EC6E256 /* Pods */,
				61FD5C3FC07FD11A020443DE /* Frameworks */,
			);
			sourceTree = "<group>";
		};
		410CB21D1DB1229400F586B5 /* Products */ = {
			isa = PBXGroup;
			children = (
				410CB21C1DB1229400F586B5 /* Programming_Keyboard.app */,
				4119FF121DB17E2D0061F27F /* trieTest */,
				41BA1EE91DB2D47B0004220B /* unittests.xctest */,
				41F5FD961DBC0EDE00C753B5 /* Programming_KeyboardTests.xctest */,
				41F5FDA81DBC3F2900C753B5 /* CompletionEngineTest.xctest */,
				41F5FDB91DBC480000C753B5 /* FunctionalTests.xctest */,
			);
			name = Products;
			sourceTree = "<group>";
		};
		410CB21E1DB1229400F586B5 /* Programming_Keyboard */ = {
			isa = PBXGroup;
			children = (
				4119FF071DB173350061F27F /* Model */,
				410CB2361DB122B900F586B5 /* App */,
				410CB2301DB1229400F586B5 /* Info.plist */,
				410CB21F1DB1229400F586B5 /* Supporting Files */,
			);
			path = Programming_Keyboard;
			sourceTree = "<group>";
		};
		410CB21F1DB1229400F586B5 /* Supporting Files */ = {
			isa = PBXGroup;
			children = (
				410CB2201DB1229400F586B5 /* main.m */,
			);
			name = "Supporting Files";
			sourceTree = "<group>";
		};
		410CB2361DB122B900F586B5 /* App */ = {
			isa = PBXGroup;
			children = (
				410CB2381DB122D000F586B5 /* delegations */,
				410CB2371DB122C500F586B5 /* UI */,
				413C399A1DC918BC004660C8 /* DriveNetworking */,
				413C39911DC914CD004660C8 /* CursorControl */,
				413C39801DC90FB9004660C8 /* KeyboardCatagory */,
				410CB2251DB1229400F586B5 /* Container.h */,
				410CB2261DB1229400F586B5 /* Container.m */,
				413C39A31DC91B65004660C8 /* Catagories.h */,
			);
			name = App;
			sourceTree = "<group>";
		};
		410CB2371DB122C500F586B5 /* UI */ = {
			isa = PBXGroup;
			children = (
				410CB2281DB1229400F586B5 /* Main.storyboard */,
				410CB22B1DB1229400F586B5 /* Assets.xcassets */,
				410CB22D1DB1229400F586B5 /* LaunchScreen.storyboard */,
			);
			name = UI;
			sourceTree = "<group>";
		};
		410CB2381DB122D000F586B5 /* delegations */ = {
			isa = PBXGroup;
			children = (
				410CB2221DB1229400F586B5 /* AppDelegate.h */,
				410CB2231DB1229400F586B5 /* AppDelegate.m */,
			);
			name = delegations;
			sourceTree = "<group>";
		};
		4119FF021DB15EBC0061F27F /* AutoCompletionPanel */ = {
			isa = PBXGroup;
			children = (
				4119FF031DB15ECE0061F27F /* AutoCompletionPanelController.h */,
				4119FF041DB15ECE0061F27F /* AutoCompletionPanelController.m */,
			);
			name = AutoCompletionPanel;
			sourceTree = "<group>";
		};
		4119FF071DB173350061F27F /* Model */ = {
			isa = PBXGroup;
			children = (
				4119FF081DB173540061F27F /* CompletionEngine.m */,
				4119FF0A1DB173640061F27F /* CompletionEngine.h */,
				4119FF1A1DB180940061F27F /* Trie.m */,
				4119FF1C1DB180B70061F27F /* Trie.h */,
				B051FDD01DC2A107008049DC /* DriveModel.m */,
				B051FDD51DC2A115008049DC /* DriveModel.h */,
			);
			name = Model;
			sourceTree = "<group>";
		};
		413C39801DC90FB9004660C8 /* KeyboardCatagory */ = {
			isa = PBXGroup;
			children = (
				4119FF021DB15EBC0061F27F /* AutoCompletionPanel */,
				413C39891DC912DD004660C8 /* KeyboardCatagory.h */,
				413C398A1DC912DD004660C8 /* KeyboardCatagory.m */,
			);
			name = KeyboardCatagory;
			sourceTree = "<group>";
		};
		413C39911DC914CD004660C8 /* CursorControl */ = {
			isa = PBXGroup;
			children = (
				413C39921DC914EA004660C8 /* CursorCatagoty.h */,
				413C39931DC914EA004660C8 /* CursorCatagoty.m */,
			);
			name = CursorControl;
			sourceTree = "<group>";
		};
		413C399A1DC918BC004660C8 /* DriveNetworking */ = {
			isa = PBXGroup;
			children = (
				B00F2FCC1DC462D70013710C /* CompletionLanguageSelection */,
				413C399B1DC918DA004660C8 /* DriveCatagory.h */,
				413C399C1DC918DA004660C8 /* DriveCatagory.m */,
			);
			name = DriveNetworking;
			sourceTree = "<group>";
		};
		413C39A61DC993E1004660C8 /* Tests */ = {
			isa = PBXGroup;
			children = (
				41F5FD971DBC0EDE00C753B5 /* TrieTests */,
				41F5FDA91DBC3F2900C753B5 /* CompletionEngineTest */,
				41F5FDBA1DBC480000C753B5 /* FunctionalTests */,
			);
			name = Tests;
			sourceTree = "<group>";
		};
		41F5FD971DBC0EDE00C753B5 /* TrieTests */ = {
			isa = PBXGroup;
			children = (
				41F5FD981DBC0EDE00C753B5 /* TrieTests.m */,
				41F5FD9A1DBC0EDE00C753B5 /* Info.plist */,
			);
			name = TrieTests;
			path = Programming_KeyboardTests;
			sourceTree = "<group>";
		};
		41F5FDA91DBC3F2900C753B5 /* CompletionEngineTest */ = {
			isa = PBXGroup;
			children = (
				41F5FDAA1DBC3F2900C753B5 /* CompletionEngineTest.m */,
				41F5FDAC1DBC3F2900C753B5 /* Info.plist */,
			);
			path = CompletionEngineTest;
			sourceTree = "<group>";
		};
		41F5FDBA1DBC480000C753B5 /* FunctionalTests */ = {
			isa = PBXGroup;
			children = (
				41F5FDBB1DBC480000C753B5 /* FunctionalTests.m */,
				41F5FDBD1DBC480000C753B5 /* Info.plist */,
			);
			path = FunctionalTests;
			sourceTree = "<group>";
		};
		61FD5C3FC07FD11A020443DE /* Frameworks */ = {
			isa = PBXGroup;
			children = (
				A59693CAE41EC25C05E6BE85 /* libPods-Programming_Keyboard.a */,
				C1462E3BB3D14E2FB89C19BE /* libPods-Programming_KeyboardTests.a */,
				8167191D054E566186CB4677 /* libPods-FunctionalTests.a */,
				16DBCEC1F8ED13B5A4D059C8 /* libPods-CompletionEngineTest.a */,
			);
			name = Frameworks;
			sourceTree = "<group>";
		};
		B0000CDC1DC4EFE700D4AF44 /* Resources */ = {
			isa = PBXGroup;
			children = (
				413C39A41DC9217B004660C8 /* button.jpeg */,
				B0000CDD1DC4EFED00D4AF44 /* Schema */,
			);
			name = Resources;
			sourceTree = "<group>";
		};
		B0000CDD1DC4EFED00D4AF44 /* Schema */ = {
			isa = PBXGroup;
			children = (
				B0000CEA1DC4F40B00D4AF44 /* _Schema_go.txt */,
				B0000CDE1DC4EFFC00D4AF44 /* _Schema_cpp.txt */,
				B0000CDF1DC4EFFC00D4AF44 /* _Schema_java.txt */,
			);
			name = Schema;
			sourceTree = "<group>";
		};
		B00F2FCC1DC462D70013710C /* CompletionLanguageSelection */ = {
			isa = PBXGroup;
			children = (
				B00F2FCD1DC463220013710C /* CompletionLanguageSelectionController.h */,
				B00F2FCE1DC463220013710C /* CompletionLanguageSelectionController.m */,
			);
			name = CompletionLanguageSelection;
			sourceTree = "<group>";
		};
		F651990FEA82E8074EC6E256 /* Pods */ = {
			isa = PBXGroup;
			children = (
				DC7E0AEDCE75F85DCDB0EB57 /* Pods-Programming_Keyboard.debug.xcconfig */,
				2652A6D41125548FBCA38BF7 /* Pods-Programming_Keyboard.release.xcconfig */,
				9B0455F67C96590B9A02C586 /* Pods-Programming_KeyboardTests.debug.xcconfig */,
				92830170A03863AE4A27A0C3 /* Pods-Programming_KeyboardTests.release.xcconfig */,
				D2BAC1800535BB3F8058D2EC /* Pods-FunctionalTests.debug.xcconfig */,
				733C7F398FC9500D6494EEDD /* Pods-FunctionalTests.release.xcconfig */,
				7D3FA6062842BE07F9D3647B /* Pods-CompletionEngineTest.debug.xcconfig */,
				C2DF08B2980A97B73AB9FBA6 /* Pods-CompletionEngineTest.release.xcconfig */,
			);
			name = Pods;
			sourceTree = "<group>";
		};
/* End PBXGroup section */

/* Begin PBXNativeTarget section */
		410CB21B1DB1229400F586B5 /* Programming_Keyboard */ = {
			isa = PBXNativeTarget;
			buildConfigurationList = 410CB2331DB1229400F586B5 /* Build configuration list for PBXNativeTarget "Programming_Keyboard" */;
			buildPhases = (
				6C763488801ACC177024BE71 /* [CP] Check Pods Manifest.lock */,
				410CB2181DB1229400F586B5 /* Sources */,
				410CB2191DB1229400F586B5 /* Frameworks */,
				410CB21A1DB1229400F586B5 /* Resources */,
				29B807F9357D92A26CE376EE /* [CP] Embed Pods Frameworks */,
				F4AFD3D2B4C1878CA0576598 /* [CP] Copy Pods Resources */,
			);
			buildRules = (
			);
			dependencies = (
			);
			name = Programming_Keyboard;
			productName = Programming_Keyboard;
			productReference = 410CB21C1DB1229400F586B5 /* Programming_Keyboard.app */;
			productType = "com.apple.product-type.application";
		};
		4119FF111DB17E2D0061F27F /* trieTest */ = {
			isa = PBXNativeTarget;
			buildConfigurationList = 4119FF161DB17E2D0061F27F /* Build configuration list for PBXNativeTarget "trieTest" */;
			buildPhases = (
				4119FF0E1DB17E2D0061F27F /* Sources */,
				4119FF0F1DB17E2D0061F27F /* Frameworks */,
				4119FF101DB17E2D0061F27F /* CopyFiles */,
			);
			buildRules = (
			);
			dependencies = (
			);
			name = trieTest;
			productName = trieTest;
			productReference = 4119FF121DB17E2D0061F27F /* trieTest */;
			productType = "com.apple.product-type.tool";
		};
		41BA1EE81DB2D47B0004220B /* unittests */ = {
			isa = PBXNativeTarget;
			buildConfigurationList = 41BA1EF01DB2D47B0004220B /* Build configuration list for PBXNativeTarget "unittests" */;
			buildPhases = (
				41BA1EE51DB2D47B0004220B /* Sources */,
				41BA1EE61DB2D47B0004220B /* Frameworks */,
				41BA1EE71DB2D47B0004220B /* Resources */,
			);
			buildRules = (
			);
			dependencies = (
			);
			name = unittests;
			productName = unittests;
			productReference = 41BA1EE91DB2D47B0004220B /* unittests.xctest */;
			productType = "com.apple.product-type.bundle.unit-test";
		};
		41F5FD951DBC0EDE00C753B5 /* Programming_KeyboardTests */ = {
			isa = PBXNativeTarget;
			buildConfigurationList = 41F5FD9F1DBC0EDE00C753B5 /* Build configuration list for PBXNativeTarget "Programming_KeyboardTests" */;
			buildPhases = (
				710A1DB1A08E2F7207A82C0D /* [CP] Check Pods Manifest.lock */,
				41F5FD921DBC0EDE00C753B5 /* Sources */,
				41F5FD931DBC0EDE00C753B5 /* Frameworks */,
				41F5FD941DBC0EDE00C753B5 /* Resources */,
				FC80B22D6C0826A5F40B2D4A /* [CP] Embed Pods Frameworks */,
				21281B9C7C6AE59DF7DCA41D /* [CP] Copy Pods Resources */,
			);
			buildRules = (
			);
			dependencies = (
				41F5FD9C1DBC0EDE00C753B5 /* PBXTargetDependency */,
			);
			name = Programming_KeyboardTests;
			productName = Programming_KeyboardTests;
			productReference = 41F5FD961DBC0EDE00C753B5 /* Programming_KeyboardTests.xctest */;
			productType = "com.apple.product-type.bundle.unit-test";
		};
		41F5FDA71DBC3F2900C753B5 /* CompletionEngineTest */ = {
			isa = PBXNativeTarget;
			buildConfigurationList = 41F5FDAF1DBC3F2900C753B5 /* Build configuration list for PBXNativeTarget "CompletionEngineTest" */;
			buildPhases = (
				1CCEB6AEA6F76E8DDDF5FB17 /* [CP] Check Pods Manifest.lock */,
				41F5FDA41DBC3F2900C753B5 /* Sources */,
				41F5FDA51DBC3F2900C753B5 /* Frameworks */,
				41F5FDA61DBC3F2900C753B5 /* Resources */,
				6D5A27552B785BDEB3A2DF75 /* [CP] Embed Pods Frameworks */,
				72DE4EAF774054386B2AF7A8 /* [CP] Copy Pods Resources */,
			);
			buildRules = (
			);
			dependencies = (
				41F5FDAE1DBC3F2900C753B5 /* PBXTargetDependency */,
			);
			name = CompletionEngineTest;
			productName = CompletionEngineTest;
			productReference = 41F5FDA81DBC3F2900C753B5 /* CompletionEngineTest.xctest */;
			productType = "com.apple.product-type.bundle.unit-test";
		};
		41F5FDB81DBC480000C753B5 /* FunctionalTests */ = {
			isa = PBXNativeTarget;
			buildConfigurationList = 41F5FDC01DBC480000C753B5 /* Build configuration list for PBXNativeTarget "FunctionalTests" */;
			buildPhases = (
				9F61E015BF82CF30583106E2 /* [CP] Check Pods Manifest.lock */,
				41F5FDB51DBC480000C753B5 /* Sources */,
				41F5FDB61DBC480000C753B5 /* Frameworks */,
				41F5FDB71DBC480000C753B5 /* Resources */,
				DB0BEFDDED7D1E89D775EBCF /* [CP] Embed Pods Frameworks */,
				EC5ACA7806205F54D58EA20D /* [CP] Copy Pods Resources */,
			);
			buildRules = (
			);
			dependencies = (
				41F5FDBF1DBC480000C753B5 /* PBXTargetDependency */,
			);
			name = FunctionalTests;
			productName = FunctionalTests;
			productReference = 41F5FDB91DBC480000C753B5 /* FunctionalTests.xctest */;
			productType = "com.apple.product-type.bundle.unit-test";
		};
/* End PBXNativeTarget section */

/* Begin PBXProject section */
		410CB2141DB1229400F586B5 /* Project object */ = {
			isa = PBXProject;
			attributes = {
				KnownAssetTags = (
					"Keyboard Area",
				);
				LastUpgradeCheck = 0810;
				ORGANIZATIONNAME = fingerWizards;
				TargetAttributes = {
					410CB21B1DB1229400F586B5 = {
						CreatedOnToolsVersion = 7.2.1;
						DevelopmentTeam = YQ3WE59VN6;
					};
					4119FF111DB17E2D0061F27F = {
						CreatedOnToolsVersion = 7.2.1;
						DevelopmentTeam = YQ3WE59VN6;
						ProvisioningStyle = Automatic;
					};
					41BA1EE81DB2D47B0004220B = {
						CreatedOnToolsVersion = 8.1;
						ProvisioningStyle = Automatic;
					};
					41F5FD951DBC0EDE00C753B5 = {
						CreatedOnToolsVersion = 8.1;
						ProvisioningStyle = Automatic;
						TestTargetID = 410CB21B1DB1229400F586B5;
					};
					41F5FDA71DBC3F2900C753B5 = {
						CreatedOnToolsVersion = 8.1;
						ProvisioningStyle = Automatic;
						TestTargetID = 410CB21B1DB1229400F586B5;
					};
					41F5FDB81DBC480000C753B5 = {
						CreatedOnToolsVersion = 8.1;
						ProvisioningStyle = Automatic;
						TestTargetID = 410CB21B1DB1229400F586B5;
					};
				};
			};
			buildConfigurationList = 410CB2171DB1229400F586B5 /* Build configuration list for PBXProject "Programming_Keyboard" */;
			compatibilityVersion = "Xcode 3.2";
			developmentRegion = English;
			hasScannedForEncodings = 0;
			knownRegions = (
				en,
				Base,
			);
			mainGroup = 410CB2131DB1229400F586B5;
			productRefGroup = 410CB21D1DB1229400F586B5 /* Products */;
			projectDirPath = "";
			projectRoot = "";
			targets = (
				410CB21B1DB1229400F586B5 /* Programming_Keyboard */,
				4119FF111DB17E2D0061F27F /* trieTest */,
				41BA1EE81DB2D47B0004220B /* unittests */,
				41F5FD951DBC0EDE00C753B5 /* Programming_KeyboardTests */,
				41F5FDA71DBC3F2900C753B5 /* CompletionEngineTest */,
				41F5FDB81DBC480000C753B5 /* FunctionalTests */,
			);
		};
/* End PBXProject section */

/* Begin PBXResourcesBuildPhase section */
		410CB21A1DB1229400F586B5 /* Resources */ = {
			isa = PBXResourcesBuildPhase;
			buildActionMask = 2147483647;
			files = (
				410CB22F1DB1229400F586B5 /* LaunchScreen.storyboard in Resources */,
				413C39A51DC9217B004660C8 /* button.jpeg in Resources */,
				B0000CEB1DC4F40B00D4AF44 /* _Schema_go.txt in Resources */,
				410CB22C1DB1229400F586B5 /* Assets.xcassets in Resources */,
				410CB22A1DB1229400F586B5 /* Main.storyboard in Resources */,
				B0000CE01DC4EFFC00D4AF44 /* _Schema_cpp.txt in Resources */,
				B0000CE51DC4EFFC00D4AF44 /* _Schema_java.txt in Resources */,
			);
			runOnlyForDeploymentPostprocessing = 0;
		};
		41BA1EE71DB2D47B0004220B /* Resources */ = {
			isa = PBXResourcesBuildPhase;
			buildActionMask = 2147483647;
			files = (
				B0000CE11DC4EFFC00D4AF44 /* _Schema_cpp.txt in Resources */,
				B0000CEC1DC4F40B00D4AF44 /* _Schema_go.txt in Resources */,
				B0000CE61DC4EFFC00D4AF44 /* _Schema_java.txt in Resources */,
			);
			runOnlyForDeploymentPostprocessing = 0;
		};
		41F5FD941DBC0EDE00C753B5 /* Resources */ = {
			isa = PBXResourcesBuildPhase;
			buildActionMask = 2147483647;
			files = (
				B0000CE21DC4EFFC00D4AF44 /* _Schema_cpp.txt in Resources */,
				B0000CED1DC4F40B00D4AF44 /* _Schema_go.txt in Resources */,
				B0000CE71DC4EFFC00D4AF44 /* _Schema_java.txt in Resources */,
			);
			runOnlyForDeploymentPostprocessing = 0;
		};
		41F5FDA61DBC3F2900C753B5 /* Resources */ = {
			isa = PBXResourcesBuildPhase;
			buildActionMask = 2147483647;
			files = (
				B0000CE31DC4EFFC00D4AF44 /* _Schema_cpp.txt in Resources */,
				B0000CEE1DC4F40B00D4AF44 /* _Schema_go.txt in Resources */,
				B0000CE81DC4EFFC00D4AF44 /* _Schema_java.txt in Resources */,
			);
			runOnlyForDeploymentPostprocessing = 0;
		};
		41F5FDB71DBC480000C753B5 /* Resources */ = {
			isa = PBXResourcesBuildPhase;
			buildActionMask = 2147483647;
			files = (
				B0000CE41DC4EFFC00D4AF44 /* _Schema_cpp.txt in Resources */,
				B0000CEF1DC4F40B00D4AF44 /* _Schema_go.txt in Resources */,
				B0000CE91DC4EFFC00D4AF44 /* _Schema_java.txt in Resources */,
			);
			runOnlyForDeploymentPostprocessing = 0;
		};
/* End PBXResourcesBuildPhase section */

/* Begin PBXShellScriptBuildPhase section */
		1CCEB6AEA6F76E8DDDF5FB17 /* [CP] Check Pods Manifest.lock */ = {
			isa = PBXShellScriptBuildPhase;
			buildActionMask = 2147483647;
			files = (
			);
			inputPaths = (
			);
			name = "[CP] Check Pods Manifest.lock";
			outputPaths = (
			);
			runOnlyForDeploymentPostprocessing = 0;
			shellPath = /bin/sh;
			shellScript = "diff \"${PODS_ROOT}/../Podfile.lock\" \"${PODS_ROOT}/Manifest.lock\" > /dev/null\nif [ $? != 0 ] ; then\n    # print error to STDERR\n    echo \"error: The sandbox is not in sync with the Podfile.lock. Run 'pod install' or update your CocoaPods installation.\" >&2\n    exit 1\nfi\n";
			showEnvVarsInLog = 0;
		};
		21281B9C7C6AE59DF7DCA41D /* [CP] Copy Pods Resources */ = {
			isa = PBXShellScriptBuildPhase;
			buildActionMask = 2147483647;
			files = (
			);
			inputPaths = (
			);
			name = "[CP] Copy Pods Resources";
			outputPaths = (
			);
			runOnlyForDeploymentPostprocessing = 0;
			shellPath = /bin/sh;
			shellScript = "\"${SRCROOT}/Pods/Target Support Files/Pods-Programming_KeyboardTests/Pods-Programming_KeyboardTests-resources.sh\"\n";
			showEnvVarsInLog = 0;
		};
		29B807F9357D92A26CE376EE /* [CP] Embed Pods Frameworks */ = {
			isa = PBXShellScriptBuildPhase;
			buildActionMask = 2147483647;
			files = (
			);
			inputPaths = (
			);
			name = "[CP] Embed Pods Frameworks";
			outputPaths = (
			);
			runOnlyForDeploymentPostprocessing = 0;
			shellPath = /bin/sh;
			shellScript = "\"${SRCROOT}/Pods/Target Support Files/Pods-Programming_Keyboard/Pods-Programming_Keyboard-frameworks.sh\"\n";
			showEnvVarsInLog = 0;
		};
		6C763488801ACC177024BE71 /* [CP] Check Pods Manifest.lock */ = {
			isa = PBXShellScriptBuildPhase;
			buildActionMask = 2147483647;
			files = (
			);
			inputPaths = (
			);
			name = "[CP] Check Pods Manifest.lock";
			outputPaths = (
			);
			runOnlyForDeploymentPostprocessing = 0;
			shellPath = /bin/sh;
			shellScript = "diff \"${PODS_ROOT}/../Podfile.lock\" \"${PODS_ROOT}/Manifest.lock\" > /dev/null\nif [ $? != 0 ] ; then\n    # print error to STDERR\n    echo \"error: The sandbox is not in sync with the Podfile.lock. Run 'pod install' or update your CocoaPods installation.\" >&2\n    exit 1\nfi\n";
			showEnvVarsInLog = 0;
		};
		6D5A27552B785BDEB3A2DF75 /* [CP] Embed Pods Frameworks */ = {
			isa = PBXShellScriptBuildPhase;
			buildActionMask = 2147483647;
			files = (
			);
			inputPaths = (
			);
			name = "[CP] Embed Pods Frameworks";
			outputPaths = (
			);
			runOnlyForDeploymentPostprocessing = 0;
			shellPath = /bin/sh;
			shellScript = "\"${SRCROOT}/Pods/Target Support Files/Pods-CompletionEngineTest/Pods-CompletionEngineTest-frameworks.sh\"\n";
			showEnvVarsInLog = 0;
		};
		710A1DB1A08E2F7207A82C0D /* [CP] Check Pods Manifest.lock */ = {
			isa = PBXShellScriptBuildPhase;
			buildActionMask = 2147483647;
			files = (
			);
			inputPaths = (
			);
			name = "[CP] Check Pods Manifest.lock";
			outputPaths = (
			);
			runOnlyForDeploymentPostprocessing = 0;
			shellPath = /bin/sh;
			shellScript = "diff \"${PODS_ROOT}/../Podfile.lock\" \"${PODS_ROOT}/Manifest.lock\" > /dev/null\nif [ $? != 0 ] ; then\n    # print error to STDERR\n    echo \"error: The sandbox is not in sync with the Podfile.lock. Run 'pod install' or update your CocoaPods installation.\" >&2\n    exit 1\nfi\n";
			showEnvVarsInLog = 0;
		};
		72DE4EAF774054386B2AF7A8 /* [CP] Copy Pods Resources */ = {
			isa = PBXShellScriptBuildPhase;
			buildActionMask = 2147483647;
			files = (
			);
			inputPaths = (
			);
			name = "[CP] Copy Pods Resources";
			outputPaths = (
			);
			runOnlyForDeploymentPostprocessing = 0;
			shellPath = /bin/sh;
			shellScript = "\"${SRCROOT}/Pods/Target Support Files/Pods-CompletionEngineTest/Pods-CompletionEngineTest-resources.sh\"\n";
			showEnvVarsInLog = 0;
		};
		9F61E015BF82CF30583106E2 /* [CP] Check Pods Manifest.lock */ = {
			isa = PBXShellScriptBuildPhase;
			buildActionMask = 2147483647;
			files = (
			);
			inputPaths = (
			);
			name = "[CP] Check Pods Manifest.lock";
			outputPaths = (
			);
			runOnlyForDeploymentPostprocessing = 0;
			shellPath = /bin/sh;
			shellScript = "diff \"${PODS_ROOT}/../Podfile.lock\" \"${PODS_ROOT}/Manifest.lock\" > /dev/null\nif [ $? != 0 ] ; then\n    # print error to STDERR\n    echo \"error: The sandbox is not in sync with the Podfile.lock. Run 'pod install' or update your CocoaPods installation.\" >&2\n    exit 1\nfi\n";
			showEnvVarsInLog = 0;
		};
		DB0BEFDDED7D1E89D775EBCF /* [CP] Embed Pods Frameworks */ = {
			isa = PBXShellScriptBuildPhase;
			buildActionMask = 2147483647;
			files = (
			);
			inputPaths = (
			);
			name = "[CP] Embed Pods Frameworks";
			outputPaths = (
			);
			runOnlyForDeploymentPostprocessing = 0;
			shellPath = /bin/sh;
			shellScript = "\"${SRCROOT}/Pods/Target Support Files/Pods-FunctionalTests/Pods-FunctionalTests-frameworks.sh\"\n";
			showEnvVarsInLog = 0;
		};
		EC5ACA7806205F54D58EA20D /* [CP] Copy Pods Resources */ = {
			isa = PBXShellScriptBuildPhase;
			buildActionMask = 2147483647;
			files = (
			);
			inputPaths = (
			);
			name = "[CP] Copy Pods Resources";
			outputPaths = (
			);
			runOnlyForDeploymentPostprocessing = 0;
			shellPath = /bin/sh;
			shellScript = "\"${SRCROOT}/Pods/Target Support Files/Pods-FunctionalTests/Pods-FunctionalTests-resources.sh\"\n";
			showEnvVarsInLog = 0;
		};
		F4AFD3D2B4C1878CA0576598 /* [CP] Copy Pods Resources */ = {
			isa = PBXShellScriptBuildPhase;
			buildActionMask = 2147483647;
			files = (
			);
			inputPaths = (
			);
			name = "[CP] Copy Pods Resources";
			outputPaths = (
			);
			runOnlyForDeploymentPostprocessing = 0;
			shellPath = /bin/sh;
			shellScript = "\"${SRCROOT}/Pods/Target Support Files/Pods-Programming_Keyboard/Pods-Programming_Keyboard-resources.sh\"\n";
			showEnvVarsInLog = 0;
		};
		FC80B22D6C0826A5F40B2D4A /* [CP] Embed Pods Frameworks */ = {
			isa = PBXShellScriptBuildPhase;
			buildActionMask = 2147483647;
			files = (
			);
			inputPaths = (
			);
			name = "[CP] Embed Pods Frameworks";
			outputPaths = (
			);
			runOnlyForDeploymentPostprocessing = 0;
			shellPath = /bin/sh;
			shellScript = "\"${SRCROOT}/Pods/Target Support Files/Pods-Programming_KeyboardTests/Pods-Programming_KeyboardTests-frameworks.sh\"\n";
			showEnvVarsInLog = 0;
		};
/* End PBXShellScriptBuildPhase section */

/* Begin PBXSourcesBuildPhase section */
		410CB2181DB1229400F586B5 /* Sources */ = {
			isa = PBXSourcesBuildPhase;
			buildActionMask = 2147483647;
			files = (
				4119FF091DB173540061F27F /* CompletionEngine.m in Sources */,
				B051FDD11DC2A107008049DC /* DriveModel.m in Sources */,
				B00F2FCF1DC463220013710C /* CompletionLanguageSelectionController.m in Sources */,
				413C399D1DC918DA004660C8 /* DriveCatagory.m in Sources */,
				413C398B1DC912DD004660C8 /* KeyboardCatagory.m in Sources */,
				410CB2271DB1229400F586B5 /* Container.m in Sources */,
				4119FF051DB15ECE0061F27F /* AutoCompletionPanelController.m in Sources */,
				410CB2241DB1229400F586B5 /* AppDelegate.m in Sources */,
				413C39941DC914EA004660C8 /* CursorCatagoty.m in Sources */,
				4119FF1B1DB180940061F27F /* Trie.m in Sources */,
				410CB2211DB1229400F586B5 /* main.m in Sources */,
			);
			runOnlyForDeploymentPostprocessing = 0;
		};
		4119FF0E1DB17E2D0061F27F /* Sources */ = {
			isa = PBXSourcesBuildPhase;
			buildActionMask = 2147483647;
			files = (
				413C398C1DC912DD004660C8 /* KeyboardCatagory.m in Sources */,
				413C39951DC914EA004660C8 /* CursorCatagoty.m in Sources */,
				4119FF1D1DB180C70061F27F /* Trie.m in Sources */,
				4119FF191DB180490061F27F /* CompletionEngine.m in Sources */,
				413C399E1DC918DA004660C8 /* DriveCatagory.m in Sources */,
			);
			runOnlyForDeploymentPostprocessing = 0;
		};
		41BA1EE51DB2D47B0004220B /* Sources */ = {
			isa = PBXSourcesBuildPhase;
			buildActionMask = 2147483647;
			files = (
				413C398D1DC912DD004660C8 /* KeyboardCatagory.m in Sources */,
				B051FDD21DC2A107008049DC /* DriveModel.m in Sources */,
				413C39961DC914EA004660C8 /* CursorCatagoty.m in Sources */,
				41BA1EF21DB2D61F0004220B /* Trie.m in Sources */,
				413C399F1DC918DA004660C8 /* DriveCatagory.m in Sources */,
				41BA1EF11DB2D5F80004220B /* CompletionEngine.m in Sources */,
			);
			runOnlyForDeploymentPostprocessing = 0;
		};
		41F5FD921DBC0EDE00C753B5 /* Sources */ = {
			isa = PBXSourcesBuildPhase;
			buildActionMask = 2147483647;
			files = (
				B051FDD31DC2A107008049DC /* DriveModel.m in Sources */,
				413C39A01DC918DA004660C8 /* DriveCatagory.m in Sources */,
				41F5FDA31DBC11CB00C753B5 /* Trie.m in Sources */,
				413C398E1DC912DD004660C8 /* KeyboardCatagory.m in Sources */,
				41F5FDA01DBC11A200C753B5 /* CompletionEngine.m in Sources */,
				41F5FDA11DBC11A200C753B5 /* AutoCompletionPanelController.m in Sources */,
				413C39971DC914EA004660C8 /* CursorCatagoty.m in Sources */,
				41F5FDA21DBC11A200C753B5 /* Container.m in Sources */,
				41F5FD991DBC0EDE00C753B5 /* TrieTests.m in Sources */,
			);
			runOnlyForDeploymentPostprocessing = 0;
		};
		41F5FDA41DBC3F2900C753B5 /* Sources */ = {
			isa = PBXSourcesBuildPhase;
			buildActionMask = 2147483647;
			files = (
				413C398F1DC912DD004660C8 /* KeyboardCatagory.m in Sources */,
				41F5FDB21DBC3F4500C753B5 /* CompletionEngine.m in Sources */,
				B051FDD41DC2A107008049DC /* DriveModel.m in Sources */,
				41F5FDB31DBC3F4500C753B5 /* Trie.m in Sources */,
				413C39981DC914EA004660C8 /* CursorCatagoty.m in Sources */,
				41F5FDB41DBC3F4500C753B5 /* AutoCompletionPanelController.m in Sources */,
				413C39A11DC918DA004660C8 /* DriveCatagory.m in Sources */,
				41F5FDAB1DBC3F2900C753B5 /* CompletionEngineTest.m in Sources */,
			);
			runOnlyForDeploymentPostprocessing = 0;
		};
		41F5FDB51DBC480000C753B5 /* Sources */ = {
			isa = PBXSourcesBuildPhase;
			buildActionMask = 2147483647;
			files = (
				413C39901DC912DD004660C8 /* KeyboardCatagory.m in Sources */,
				41F5FDC31DBC481C00C753B5 /* CompletionEngine.m in Sources */,
				41F5FDC41DBC481C00C753B5 /* Trie.m in Sources */,
				41F5FDC51DBC481C00C753B5 /* AutoCompletionPanelController.m in Sources */,
				413C39991DC914EA004660C8 /* CursorCatagoty.m in Sources */,
				41F5FDC61DBC481C00C753B5 /* Container.m in Sources */,
				413C39A21DC918DA004660C8 /* DriveCatagory.m in Sources */,
				41F5FDBC1DBC480000C753B5 /* FunctionalTests.m in Sources */,
			);
			runOnlyForDeploymentPostprocessing = 0;
		};
/* End PBXSourcesBuildPhase section */

/* Begin PBXTargetDependency section */
		41F5FD9C1DBC0EDE00C753B5 /* PBXTargetDependency */ = {
			isa = PBXTargetDependency;
			target = 410CB21B1DB1229400F586B5 /* Programming_Keyboard */;
			targetProxy = 41F5FD9B1DBC0EDE00C753B5 /* PBXContainerItemProxy */;
		};
		41F5FDAE1DBC3F2900C753B5 /* PBXTargetDependency */ = {
			isa = PBXTargetDependency;
			target = 410CB21B1DB1229400F586B5 /* Programming_Keyboard */;
			targetProxy = 41F5FDAD1DBC3F2900C753B5 /* PBXContainerItemProxy */;
		};
		41F5FDBF1DBC480000C753B5 /* PBXTargetDependency */ = {
			isa = PBXTargetDependency;
			target = 410CB21B1DB1229400F586B5 /* Programming_Keyboard */;
			targetProxy = 41F5FDBE1DBC480000C753B5 /* PBXContainerItemProxy */;
		};
/* End PBXTargetDependency section */

/* Begin PBXVariantGroup section */
		410CB2281DB1229400F586B5 /* Main.storyboard */ = {
			isa = PBXVariantGroup;
			children = (
				410CB2291DB1229400F586B5 /* Base */,
			);
			name = Main.storyboard;
			sourceTree = "<group>";
		};
		410CB22D1DB1229400F586B5 /* LaunchScreen.storyboard */ = {
			isa = PBXVariantGroup;
			children = (
				410CB22E1DB1229400F586B5 /* Base */,
			);
			name = LaunchScreen.storyboard;
			sourceTree = "<group>";
		};
/* End PBXVariantGroup section */

/* Begin XCBuildConfiguration section */
		410CB2311DB1229400F586B5 /* Debug */ = {
			isa = XCBuildConfiguration;
			buildSettings = {
				ALWAYS_SEARCH_USER_PATHS = NO;
				CLANG_CXX_LANGUAGE_STANDARD = "gnu++0x";
				CLANG_CXX_LIBRARY = "libc++";
				CLANG_ENABLE_MODULES = YES;
				CLANG_ENABLE_OBJC_ARC = YES;
				CLANG_WARN_BOOL_CONVERSION = YES;
				CLANG_WARN_CONSTANT_CONVERSION = YES;
				CLANG_WARN_DIRECT_OBJC_ISA_USAGE = YES_ERROR;
				CLANG_WARN_EMPTY_BODY = YES;
				CLANG_WARN_ENUM_CONVERSION = YES;
				CLANG_WARN_INFINITE_RECURSION = YES;
				CLANG_WARN_INT_CONVERSION = YES;
				CLANG_WARN_OBJC_ROOT_CLASS = YES_ERROR;
				CLANG_WARN_SUSPICIOUS_MOVE = YES;
				CLANG_WARN_UNREACHABLE_CODE = YES;
				CLANG_WARN__DUPLICATE_METHOD_MATCH = YES;
				"CODE_SIGN_IDENTITY[sdk=iphoneos*]" = "iPhone Developer";
				COPY_PHASE_STRIP = NO;
				DEBUG_INFORMATION_FORMAT = dwarf;
				ENABLE_STRICT_OBJC_MSGSEND = YES;
				ENABLE_TESTABILITY = YES;
				GCC_C_LANGUAGE_STANDARD = gnu99;
				GCC_DYNAMIC_NO_PIC = NO;
				GCC_NO_COMMON_BLOCKS = YES;
				GCC_OPTIMIZATION_LEVEL = 0;
				GCC_PREPROCESSOR_DEFINITIONS = (
					"DEBUG=1",
					"$(inherited)",
				);
				GCC_WARN_64_TO_32_BIT_CONVERSION = YES;
				GCC_WARN_ABOUT_RETURN_TYPE = YES_ERROR;
				GCC_WARN_UNDECLARED_SELECTOR = YES;
				GCC_WARN_UNINITIALIZED_AUTOS = YES_AGGRESSIVE;
				GCC_WARN_UNUSED_FUNCTION = YES;
				GCC_WARN_UNUSED_VARIABLE = YES;
				IPHONEOS_DEPLOYMENT_TARGET = 10.0;
				MACOSX_DEPLOYMENT_TARGET = 10.11;
				MTL_ENABLE_DEBUG_INFO = YES;
				ONLY_ACTIVE_ARCH = YES;
				SDKROOT = iphoneos;
				TARGETED_DEVICE_FAMILY = 2;
			};
			name = Debug;
		};
		410CB2321DB1229400F586B5 /* Release */ = {
			isa = XCBuildConfiguration;
			buildSettings = {
				ALWAYS_SEARCH_USER_PATHS = NO;
				CLANG_CXX_LANGUAGE_STANDARD = "gnu++0x";
				CLANG_CXX_LIBRARY = "libc++";
				CLANG_ENABLE_MODULES = YES;
				CLANG_ENABLE_OBJC_ARC = YES;
				CLANG_WARN_BOOL_CONVERSION = YES;
				CLANG_WARN_CONSTANT_CONVERSION = YES;
				CLANG_WARN_DIRECT_OBJC_ISA_USAGE = YES_ERROR;
				CLANG_WARN_EMPTY_BODY = YES;
				CLANG_WARN_ENUM_CONVERSION = YES;
				CLANG_WARN_INFINITE_RECURSION = YES;
				CLANG_WARN_INT_CONVERSION = YES;
				CLANG_WARN_OBJC_ROOT_CLASS = YES_ERROR;
				CLANG_WARN_SUSPICIOUS_MOVE = YES;
				CLANG_WARN_UNREACHABLE_CODE = YES;
				CLANG_WARN__DUPLICATE_METHOD_MATCH = YES;
				"CODE_SIGN_IDENTITY[sdk=iphoneos*]" = "iPhone Developer";
				COPY_PHASE_STRIP = NO;
				DEBUG_INFORMATION_FORMAT = "dwarf-with-dsym";
				ENABLE_NS_ASSERTIONS = NO;
				ENABLE_STRICT_OBJC_MSGSEND = YES;
				GCC_C_LANGUAGE_STANDARD = gnu99;
				GCC_NO_COMMON_BLOCKS = YES;
				GCC_WARN_64_TO_32_BIT_CONVERSION = YES;
				GCC_WARN_ABOUT_RETURN_TYPE = YES_ERROR;
				GCC_WARN_UNDECLARED_SELECTOR = YES;
				GCC_WARN_UNINITIALIZED_AUTOS = YES_AGGRESSIVE;
				GCC_WARN_UNUSED_FUNCTION = YES;
				GCC_WARN_UNUSED_VARIABLE = YES;
				IPHONEOS_DEPLOYMENT_TARGET = 10.0;
				MACOSX_DEPLOYMENT_TARGET = 10.11;
				MTL_ENABLE_DEBUG_INFO = NO;
				SDKROOT = iphoneos;
				TARGETED_DEVICE_FAMILY = 2;
				VALIDATE_PRODUCT = YES;
			};
			name = Release;
		};
		410CB2341DB1229400F586B5 /* Debug */ = {
			isa = XCBuildConfiguration;
			baseConfigurationReference = DC7E0AEDCE75F85DCDB0EB57 /* Pods-Programming_Keyboard.debug.xcconfig */;
			buildSettings = {
				ASSETCATALOG_COMPILER_APPICON_NAME = AppIcon;
				DEVELOPMENT_TEAM = YQ3WE59VN6;
				GCC_PREPROCESSOR_DEFINITIONS = (
					"$(inherited)",
					"COCOAPODS=1",
					"$(inherited)",
					"GTM_OAUTH2_USE_FRAMEWORK_IMPORTS=1",
					"$(inherited)",
					"GTL_USE_FRAMEWORK_IMPORTS=1",
				);
				INFOPLIST_FILE = Programming_Keyboard/Info.plist;
				LD_RUNPATH_SEARCH_PATHS = "$(inherited) @executable_path/Frameworks";
				PRODUCT_BUNDLE_IDENTIFIER = "fingerwizards.Programming-Keyboard";
				PRODUCT_NAME = "$(TARGET_NAME)";
			};
			name = Debug;
		};
		410CB2351DB1229400F586B5 /* Release */ = {
			isa = XCBuildConfiguration;
			baseConfigurationReference = 2652A6D41125548FBCA38BF7 /* Pods-Programming_Keyboard.release.xcconfig */;
			buildSettings = {
				ASSETCATALOG_COMPILER_APPICON_NAME = AppIcon;
				DEVELOPMENT_TEAM = YQ3WE59VN6;
				INFOPLIST_FILE = Programming_Keyboard/Info.plist;
				LD_RUNPATH_SEARCH_PATHS = "$(inherited) @executable_path/Frameworks";
				PRODUCT_BUNDLE_IDENTIFIER = "fingerwizards.Programming-Keyboard";
				PRODUCT_NAME = "$(TARGET_NAME)";
			};
			name = Release;
		};
		4119FF171DB17E2D0061F27F /* Debug */ = {
			isa = XCBuildConfiguration;
			buildSettings = {
				CODE_SIGN_IDENTITY = "Mac Developer";
				DEVELOPMENT_TEAM = YQ3WE59VN6;
				INFOPLIST_FILE = "$(SRCROOT)/Programming_Keyboard/Info.plist";
				MACOSX_DEPLOYMENT_TARGET = 10.11;
				PRODUCT_NAME = "$(TARGET_NAME)";
				SDKROOT = macosx;
			};
			name = Debug;
		};
		4119FF181DB17E2D0061F27F /* Release */ = {
			isa = XCBuildConfiguration;
			buildSettings = {
				CODE_SIGN_IDENTITY = "Mac Developer";
				DEVELOPMENT_TEAM = YQ3WE59VN6;
				INFOPLIST_FILE = "$(SRCROOT)/Programming_Keyboard/Info.plist";
				MACOSX_DEPLOYMENT_TARGET = 10.11;
				PRODUCT_NAME = "$(TARGET_NAME)";
				SDKROOT = macosx;
			};
			name = Release;
		};
		41BA1EEE1DB2D47B0004220B /* Debug */ = {
			isa = XCBuildConfiguration;
			buildSettings = {
				CLANG_ANALYZER_NONNULL = YES;
				CLANG_WARN_DOCUMENTATION_COMMENTS = YES;
				CLANG_WARN_INFINITE_RECURSION = YES;
				CLANG_WARN_SUSPICIOUS_MOVES = YES;
				CODE_SIGN_IDENTITY = "-";
				COMBINE_HIDPI_IMAGES = YES;
				INFOPLIST_FILE = unittests/Info.plist;
				LD_RUNPATH_SEARCH_PATHS = "$(inherited) @executable_path/../Frameworks @loader_path/../Frameworks";
				MACOSX_DEPLOYMENT_TARGET = 10.12;
				PRODUCT_BUNDLE_IDENTIFIER = fingerwizards.unittests;
				PRODUCT_NAME = "$(TARGET_NAME)";
				SDKROOT = macosx;
			};
			name = Debug;
		};
		41BA1EEF1DB2D47B0004220B /* Release */ = {
			isa = XCBuildConfiguration;
			buildSettings = {
				CLANG_ANALYZER_NONNULL = YES;
				CLANG_WARN_DOCUMENTATION_COMMENTS = YES;
				CLANG_WARN_INFINITE_RECURSION = YES;
				CLANG_WARN_SUSPICIOUS_MOVES = YES;
				CODE_SIGN_IDENTITY = "-";
				COMBINE_HIDPI_IMAGES = YES;
				INFOPLIST_FILE = unittests/Info.plist;
				LD_RUNPATH_SEARCH_PATHS = "$(inherited) @executable_path/../Frameworks @loader_path/../Frameworks";
				MACOSX_DEPLOYMENT_TARGET = 10.12;
				PRODUCT_BUNDLE_IDENTIFIER = fingerwizards.unittests;
				PRODUCT_NAME = "$(TARGET_NAME)";
				SDKROOT = macosx;
			};
			name = Release;
		};
		41F5FD9D1DBC0EDE00C753B5 /* Debug */ = {
			isa = XCBuildConfiguration;
			baseConfigurationReference = 9B0455F67C96590B9A02C586 /* Pods-Programming_KeyboardTests.debug.xcconfig */;
			buildSettings = {
				BUNDLE_LOADER = "$(TEST_HOST)";
				CLANG_ANALYZER_NONNULL = YES;
				CLANG_WARN_DOCUMENTATION_COMMENTS = YES;
				CLANG_WARN_SUSPICIOUS_MOVES = YES;
				GCC_GENERATE_TEST_COVERAGE_FILES = YES;
				INFOPLIST_FILE = Programming_KeyboardTests/Info.plist;
				IPHONEOS_DEPLOYMENT_TARGET = 10.1;
				LD_RUNPATH_SEARCH_PATHS = "$(inherited) @executable_path/Frameworks @loader_path/Frameworks";
				PRODUCT_BUNDLE_IDENTIFIER = "fingerwizards.Programming-KeyboardTests";
				PRODUCT_NAME = "$(TARGET_NAME)";
				TEST_HOST = "$(BUILT_PRODUCTS_DIR)/Programming_Keyboard.app/Programming_Keyboard";
			};
			name = Debug;
		};
		41F5FD9E1DBC0EDE00C753B5 /* Release */ = {
			isa = XCBuildConfiguration;
			baseConfigurationReference = 92830170A03863AE4A27A0C3 /* Pods-Programming_KeyboardTests.release.xcconfig */;
			buildSettings = {
				BUNDLE_LOADER = "$(TEST_HOST)";
				CLANG_ANALYZER_NONNULL = YES;
				CLANG_WARN_DOCUMENTATION_COMMENTS = YES;
				CLANG_WARN_SUSPICIOUS_MOVES = YES;
				GCC_GENERATE_TEST_COVERAGE_FILES = YES;
				INFOPLIST_FILE = Programming_KeyboardTests/Info.plist;
				IPHONEOS_DEPLOYMENT_TARGET = 10.1;
				LD_RUNPATH_SEARCH_PATHS = "$(inherited) @executable_path/Frameworks @loader_path/Frameworks";
				PRODUCT_BUNDLE_IDENTIFIER = "fingerwizards.Programming-KeyboardTests";
				PRODUCT_NAME = "$(TARGET_NAME)";
				TEST_HOST = "$(BUILT_PRODUCTS_DIR)/Programming_Keyboard.app/Programming_Keyboard";
			};
			name = Release;
		};
		41F5FDB01DBC3F2900C753B5 /* Debug */ = {
			isa = XCBuildConfiguration;
			baseConfigurationReference = 7D3FA6062842BE07F9D3647B /* Pods-CompletionEngineTest.debug.xcconfig */;
			buildSettings = {
				BUNDLE_LOADER = "$(TEST_HOST)";
				CLANG_ANALYZER_NONNULL = YES;
				CLANG_WARN_DOCUMENTATION_COMMENTS = YES;
				CLANG_WARN_SUSPICIOUS_MOVES = YES;
				INFOPLIST_FILE = CompletionEngineTest/Info.plist;
				IPHONEOS_DEPLOYMENT_TARGET = 10.1;
				LD_RUNPATH_SEARCH_PATHS = "$(inherited) @executable_path/Frameworks @loader_path/Frameworks";
				PRODUCT_BUNDLE_IDENTIFIER = fingerwizards.CompletionEngineTest;
				PRODUCT_NAME = "$(TARGET_NAME)";
				TEST_HOST = "$(BUILT_PRODUCTS_DIR)/Programming_Keyboard.app/Programming_Keyboard";
			};
			name = Debug;
		};
		41F5FDB11DBC3F2900C753B5 /* Release */ = {
			isa = XCBuildConfiguration;
			baseConfigurationReference = C2DF08B2980A97B73AB9FBA6 /* Pods-CompletionEngineTest.release.xcconfig */;
			buildSettings = {
				BUNDLE_LOADER = "$(TEST_HOST)";
				CLANG_ANALYZER_NONNULL = YES;
				CLANG_WARN_DOCUMENTATION_COMMENTS = YES;
				CLANG_WARN_SUSPICIOUS_MOVES = YES;
				INFOPLIST_FILE = CompletionEngineTest/Info.plist;
				IPHONEOS_DEPLOYMENT_TARGET = 10.1;
				LD_RUNPATH_SEARCH_PATHS = "$(inherited) @executable_path/Frameworks @loader_path/Frameworks";
				PRODUCT_BUNDLE_IDENTIFIER = fingerwizards.CompletionEngineTest;
				PRODUCT_NAME = "$(TARGET_NAME)";
				TEST_HOST = "$(BUILT_PRODUCTS_DIR)/Programming_Keyboard.app/Programming_Keyboard";
			};
			name = Release;
		};
		41F5FDC11DBC480000C753B5 /* Debug */ = {
			isa = XCBuildConfiguration;
			baseConfigurationReference = D2BAC1800535BB3F8058D2EC /* Pods-FunctionalTests.debug.xcconfig */;
			buildSettings = {
				BUNDLE_LOADER = "$(TEST_HOST)";
				CLANG_ANALYZER_NONNULL = YES;
				CLANG_WARN_DOCUMENTATION_COMMENTS = YES;
				CLANG_WARN_SUSPICIOUS_MOVES = YES;
				INFOPLIST_FILE = FunctionalTests/Info.plist;
				IPHONEOS_DEPLOYMENT_TARGET = 10.1;
				LD_RUNPATH_SEARCH_PATHS = "$(inherited) @executable_path/Frameworks @loader_path/Frameworks";
				PRODUCT_BUNDLE_IDENTIFIER = fingerwizards.FunctionalTests;
				PRODUCT_NAME = "$(TARGET_NAME)";
				TEST_HOST = "$(BUILT_PRODUCTS_DIR)/Programming_Keyboard.app/Programming_Keyboard";
			};
			name = Debug;
		};
		41F5FDC21DBC480000C753B5 /* Release */ = {
			isa = XCBuildConfiguration;
			baseConfigurationReference = 733C7F398FC9500D6494EEDD /* Pods-FunctionalTests.release.xcconfig */;
			buildSettings = {
				BUNDLE_LOADER = "$(TEST_HOST)";
				CLANG_ANALYZER_NONNULL = YES;
				CLANG_WARN_DOCUMENTATION_COMMENTS = YES;
				CLANG_WARN_SUSPICIOUS_MOVES = YES;
				INFOPLIST_FILE = FunctionalTests/Info.plist;
				IPHONEOS_DEPLOYMENT_TARGET = 10.1;
				LD_RUNPATH_SEARCH_PATHS = "$(inherited) @executable_path/Frameworks @loader_path/Frameworks";
				PRODUCT_BUNDLE_IDENTIFIER = fingerwizards.FunctionalTests;
				PRODUCT_NAME = "$(TARGET_NAME)";
				TEST_HOST = "$(BUILT_PRODUCTS_DIR)/Programming_Keyboard.app/Programming_Keyboard";
			};
			name = Release;
		};
/* End XCBuildConfiguration section */

/* Begin XCConfigurationList section */
		410CB2171DB1229400F586B5 /* Build configuration list for PBXProject "Programming_Keyboard" */ = {
			isa = XCConfigurationList;
			buildConfigurations = (
				410CB2311DB1229400F586B5 /* Debug */,
				410CB2321DB1229400F586B5 /* Release */,
			);
			defaultConfigurationIsVisible = 0;
			defaultConfigurationName = Release;
		};
		410CB2331DB1229400F586B5 /* Build configuration list for PBXNativeTarget "Programming_Keyboard" */ = {
			isa = XCConfigurationList;
			buildConfigurations = (
				410CB2341DB1229400F586B5 /* Debug */,
				410CB2351DB1229400F586B5 /* Release */,
			);
			defaultConfigurationIsVisible = 0;
			defaultConfigurationName = Release;
		};
		4119FF161DB17E2D0061F27F /* Build configuration list for PBXNativeTarget "trieTest" */ = {
			isa = XCConfigurationList;
			buildConfigurations = (
				4119FF171DB17E2D0061F27F /* Debug */,
				4119FF181DB17E2D0061F27F /* Release */,
			);
			defaultConfigurationIsVisible = 0;
			defaultConfigurationName = Release;
		};
		41BA1EF01DB2D47B0004220B /* Build configuration list for PBXNativeTarget "unittests" */ = {
			isa = XCConfigurationList;
			buildConfigurations = (
				41BA1EEE1DB2D47B0004220B /* Debug */,
				41BA1EEF1DB2D47B0004220B /* Release */,
			);
			defaultConfigurationIsVisible = 0;
			defaultConfigurationName = Release;
		};
		41F5FD9F1DBC0EDE00C753B5 /* Build configuration list for PBXNativeTarget "Programming_KeyboardTests" */ = {
			isa = XCConfigurationList;
			buildConfigurations = (
				41F5FD9D1DBC0EDE00C753B5 /* Debug */,
				41F5FD9E1DBC0EDE00C753B5 /* Release */,
			);
			defaultConfigurationIsVisible = 0;
			defaultConfigurationName = Release;
		};
		41F5FDAF1DBC3F2900C753B5 /* Build configuration list for PBXNativeTarget "CompletionEngineTest" */ = {
			isa = XCConfigurationList;
			buildConfigurations = (
				41F5FDB01DBC3F2900C753B5 /* Debug */,
				41F5FDB11DBC3F2900C753B5 /* Release */,
			);
			defaultConfigurationIsVisible = 0;
			defaultConfigurationName = Release;
		};
		41F5FDC01DBC480000C753B5 /* Build configuration list for PBXNativeTarget "FunctionalTests" */ = {
			isa = XCConfigurationList;
			buildConfigurations = (
				41F5FDC11DBC480000C753B5 /* Debug */,
				41F5FDC21DBC480000C753B5 /* Release */,
			);
			defaultConfigurationIsVisible = 0;
			defaultConfigurationName = Release;
		};
/* End XCConfigurationList section */
	};
	rootObject = 410CB2141DB1229400F586B5 /* Project object */;
}
