// !$*UTF8*$!
{
	archiveVersion = 1;
	classes = {
	};
	objectVersion = 46;
	objects = {

/* Begin PBXBuildFile section */
		410CB2211DB1229400F586B5 /* main.m in Sources */ = {isa = PBXBuildFile; fileRef = 410CB2201DB1229400F586B5 /* main.m */; };
		410CB2241DB1229400F586B5 /* AppDelegate.m in Sources */ = {isa = PBXBuildFile; fileRef = 410CB2231DB1229400F586B5 /* AppDelegate.m */; };
		410CB2271DB1229400F586B5 /* Container.m in Sources */ = {isa = PBXBuildFile; fileRef = 410CB2261DB1229400F586B5 /* Container.m */; };
		410CB22A1DB1229400F586B5 /* Main.storyboard in Resources */ = {isa = PBXBuildFile; fileRef = 410CB2281DB1229400F586B5 /* Main.storyboard */; settings = {ASSET_TAGS = ("Keyboard Area", ); }; };
		410CB22C1DB1229400F586B5 /* Assets.xcassets in Resources */ = {isa = PBXBuildFile; fileRef = 410CB22B1DB1229400F586B5 /* Assets.xcassets */; };
		410CB22F1DB1229400F586B5 /* LaunchScreen.storyboard in Resources */ = {isa = PBXBuildFile; fileRef = 410CB22D1DB1229400F586B5 /* LaunchScreen.storyboard */; };
		4119FF051DB15ECE0061F27F /* AutoCompletionPanelController.m in Sources */ = {isa = PBXBuildFile; fileRef = 4119FF041DB15ECE0061F27F /* AutoCompletionPanelController.m */; };
		4119FF091DB173540061F27F /* CompletionEngine.m in Sources */ = {isa = PBXBuildFile; fileRef = 4119FF081DB173540061F27F /* CompletionEngine.m */; };
		4119FF191DB180490061F27F /* CompletionEngine.m in Sources */ = {isa = PBXBuildFile; fileRef = 4119FF081DB173540061F27F /* CompletionEngine.m */; };
		4119FF1B1DB180940061F27F /* Trie.m in Sources */ = {isa = PBXBuildFile; fileRef = 4119FF1A1DB180940061F27F /* Trie.m */; };
		4119FF1D1DB180C70061F27F /* Trie.m in Sources */ = {isa = PBXBuildFile; fileRef = 4119FF1A1DB180940061F27F /* Trie.m */; };
		41BA1EEC1DB2D47B0004220B /* unittests.m in Sources */ = {isa = PBXBuildFile; fileRef = 41BA1EEB1DB2D47B0004220B /* unittests.m */; };
		41BA1EF11DB2D5F80004220B /* CompletionEngine.m in Sources */ = {isa = PBXBuildFile; fileRef = 4119FF081DB173540061F27F /* CompletionEngine.m */; };
		41BA1EF21DB2D61F0004220B /* Trie.m in Sources */ = {isa = PBXBuildFile; fileRef = 4119FF1A1DB180940061F27F /* Trie.m */; };
/* End PBXBuildFile section */

/* Begin PBXCopyFilesBuildPhase section */
		4119FF101DB17E2D0061F27F /* CopyFiles */ = {
			isa = PBXCopyFilesBuildPhase;
			buildActionMask = 2147483647;
			dstPath = /usr/share/man/man1/;
			dstSubfolderSpec = 0;
			files = (
			);
			runOnlyForDeploymentPostprocessing = 1;
		};
/* End PBXCopyFilesBuildPhase section */

/* Begin PBXFileReference section */
		410CB21C1DB1229400F586B5 /* Programming_Keyboard.app */ = {isa = PBXFileReference; explicitFileType = wrapper.application; includeInIndex = 0; path = Programming_Keyboard.app; sourceTree = BUILT_PRODUCTS_DIR; };
		410CB2201DB1229400F586B5 /* main.m */ = {isa = PBXFileReference; lastKnownFileType = sourcecode.c.objc; path = main.m; sourceTree = "<group>"; };
		410CB2221DB1229400F586B5 /* AppDelegate.h */ = {isa = PBXFileReference; lastKnownFileType = sourcecode.c.h; path = AppDelegate.h; sourceTree = "<group>"; };
		410CB2231DB1229400F586B5 /* AppDelegate.m */ = {isa = PBXFileReference; lastKnownFileType = sourcecode.c.objc; path = AppDelegate.m; sourceTree = "<group>"; };
		410CB2251DB1229400F586B5 /* Container.h */ = {isa = PBXFileReference; lastKnownFileType = sourcecode.c.h; path = Container.h; sourceTree = "<group>"; };
		410CB2261DB1229400F586B5 /* Container.m */ = {isa = PBXFileReference; lastKnownFileType = sourcecode.c.objc; path = Container.m; sourceTree = "<group>"; };
		410CB2291DB1229400F586B5 /* Base */ = {isa = PBXFileReference; lastKnownFileType = file.storyboard; name = Base; path = Base.lproj/Main.storyboard; sourceTree = "<group>"; };
		410CB22B1DB1229400F586B5 /* Assets.xcassets */ = {isa = PBXFileReference; lastKnownFileType = folder.assetcatalog; path = Assets.xcassets; sourceTree = "<group>"; };
		410CB22E1DB1229400F586B5 /* Base */ = {isa = PBXFileReference; lastKnownFileType = file.storyboard; name = Base; path = Base.lproj/LaunchScreen.storyboard; sourceTree = "<group>"; };
		410CB2301DB1229400F586B5 /* Info.plist */ = {isa = PBXFileReference; lastKnownFileType = text.plist.xml; path = Info.plist; sourceTree = "<group>"; };
		4119FF031DB15ECE0061F27F /* AutoCompletionPanelController.h */ = {isa = PBXFileReference; fileEncoding = 4; lastKnownFileType = sourcecode.c.h; path = AutoCompletionPanelController.h; sourceTree = "<group>"; };
		4119FF041DB15ECE0061F27F /* AutoCompletionPanelController.m */ = {isa = PBXFileReference; fileEncoding = 4; lastKnownFileType = sourcecode.c.objc; path = AutoCompletionPanelController.m; sourceTree = "<group>"; };
		4119FF081DB173540061F27F /* CompletionEngine.m */ = {isa = PBXFileReference; fileEncoding = 4; lastKnownFileType = sourcecode.c.objc; path = CompletionEngine.m; sourceTree = "<group>"; };
		4119FF0A1DB173640061F27F /* CompletionEngine.h */ = {isa = PBXFileReference; lastKnownFileType = sourcecode.c.h; path = CompletionEngine.h; sourceTree = "<group>"; };
		4119FF121DB17E2D0061F27F /* trieTest */ = {isa = PBXFileReference; explicitFileType = "compiled.mach-o.executable"; includeInIndex = 0; path = trieTest; sourceTree = BUILT_PRODUCTS_DIR; };
		4119FF1A1DB180940061F27F /* Trie.m */ = {isa = PBXFileReference; fileEncoding = 4; lastKnownFileType = sourcecode.c.objc; path = Trie.m; sourceTree = "<group>"; };
		4119FF1C1DB180B70061F27F /* Trie.h */ = {isa = PBXFileReference; lastKnownFileType = sourcecode.c.h; path = Trie.h; sourceTree = "<group>"; };
		41BA1EE91DB2D47B0004220B /* unittests.xctest */ = {isa = PBXFileReference; explicitFileType = wrapper.cfbundle; includeInIndex = 0; path = unittests.xctest; sourceTree = BUILT_PRODUCTS_DIR; };
		41BA1EEB1DB2D47B0004220B /* unittests.m */ = {isa = PBXFileReference; lastKnownFileType = sourcecode.c.objc; path = unittests.m; sourceTree = "<group>"; };
		41BA1EED1DB2D47B0004220B /* Info.plist */ = {isa = PBXFileReference; lastKnownFileType = text.plist.xml; path = Info.plist; sourceTree = "<group>"; };
/* End PBXFileReference section */

/* Begin PBXFrameworksBuildPhase section */
		410CB2191DB1229400F586B5 /* Frameworks */ = {
			isa = PBXFrameworksBuildPhase;
			buildActionMask = 2147483647;
			files = (
			);
			runOnlyForDeploymentPostprocessing = 0;
		};
		4119FF0F1DB17E2D0061F27F /* Frameworks */ = {
			isa = PBXFrameworksBuildPhase;
			buildActionMask = 2147483647;
			files = (
			);
			runOnlyForDeploymentPostprocessing = 0;
		};
		41BA1EE61DB2D47B0004220B /* Frameworks */ = {
			isa = PBXFrameworksBuildPhase;
			buildActionMask = 2147483647;
			files = (
			);
			runOnlyForDeploymentPostprocessing = 0;
		};
/* End PBXFrameworksBuildPhase section */

/* Begin PBXGroup section */
		410CB2131DB1229400F586B5 = {
			isa = PBXGroup;
			children = (
				410CB21E1DB1229400F586B5 /* Programming_Keyboard */,
				41BA1EEA1DB2D47B0004220B /* unittests */,
				410CB21D1DB1229400F586B5 /* Products */,
			);
			sourceTree = "<group>";
		};
		410CB21D1DB1229400F586B5 /* Products */ = {
			isa = PBXGroup;
			children = (
				410CB21C1DB1229400F586B5 /* Programming_Keyboard.app */,
				4119FF121DB17E2D0061F27F /* trieTest */,
				41BA1EE91DB2D47B0004220B /* unittests.xctest */,
			);
			name = Products;
			sourceTree = "<group>";
		};
		410CB21E1DB1229400F586B5 /* Programming_Keyboard */ = {
			isa = PBXGroup;
			children = (
				4119FF071DB173350061F27F /* model */,
				4119FF021DB15EBC0061F27F /* autoCompletionPanel */,
				410CB2381DB122D000F586B5 /* delegations */,
				410CB2371DB122C500F586B5 /* ui */,
				410CB2361DB122B900F586B5 /* containerView */,
				410CB2301DB1229400F586B5 /* Info.plist */,
				410CB21F1DB1229400F586B5 /* Supporting Files */,
			);
			path = Programming_Keyboard;
			sourceTree = "<group>";
		};
		410CB21F1DB1229400F586B5 /* Supporting Files */ = {
			isa = PBXGroup;
			children = (
				410CB2201DB1229400F586B5 /* main.m */,
			);
			name = "Supporting Files";
			sourceTree = "<group>";
		};
		410CB2361DB122B900F586B5 /* containerView */ = {
			isa = PBXGroup;
			children = (
				410CB2251DB1229400F586B5 /* Container.h */,
				410CB2261DB1229400F586B5 /* Container.m */,
			);
			name = containerView;
			sourceTree = "<group>";
		};
		410CB2371DB122C500F586B5 /* ui */ = {
			isa = PBXGroup;
			children = (
				410CB2281DB1229400F586B5 /* Main.storyboard */,
				410CB22B1DB1229400F586B5 /* Assets.xcassets */,
				410CB22D1DB1229400F586B5 /* LaunchScreen.storyboard */,
			);
			name = ui;
			sourceTree = "<group>";
		};
		410CB2381DB122D000F586B5 /* delegations */ = {
			isa = PBXGroup;
			children = (
				410CB2221DB1229400F586B5 /* AppDelegate.h */,
				410CB2231DB1229400F586B5 /* AppDelegate.m */,
			);
			name = delegations;
			sourceTree = "<group>";
		};
		4119FF021DB15EBC0061F27F /* autoCompletionPanel */ = {
			isa = PBXGroup;
			children = (
				4119FF031DB15ECE0061F27F /* AutoCompletionPanelController.h */,
				4119FF041DB15ECE0061F27F /* AutoCompletionPanelController.m */,
			);
			name = autoCompletionPanel;
			sourceTree = "<group>";
		};
		4119FF071DB173350061F27F /* model */ = {
			isa = PBXGroup;
			children = (
				4119FF081DB173540061F27F /* CompletionEngine.m */,
				4119FF0A1DB173640061F27F /* CompletionEngine.h */,
				4119FF1A1DB180940061F27F /* Trie.m */,
				4119FF1C1DB180B70061F27F /* Trie.h */,
			);
			name = model;
			sourceTree = "<group>";
		};
		41BA1EEA1DB2D47B0004220B /* unittests */ = {
			isa = PBXGroup;
			children = (
				41BA1EEB1DB2D47B0004220B /* unittests.m */,
				41BA1EED1DB2D47B0004220B /* Info.plist */,
			);
			path = unittests;
			sourceTree = "<group>";
		};
/* End PBXGroup section */

/* Begin PBXNativeTarget section */
		410CB21B1DB1229400F586B5 /* Programming_Keyboard */ = {
			isa = PBXNativeTarget;
			buildConfigurationList = 410CB2331DB1229400F586B5 /* Build configuration list for PBXNativeTarget "Programming_Keyboard" */;
			buildPhases = (
				410CB2181DB1229400F586B5 /* Sources */,
				410CB2191DB1229400F586B5 /* Frameworks */,
				410CB21A1DB1229400F586B5 /* Resources */,
			);
			buildRules = (
			);
			dependencies = (
			);
			name = Programming_Keyboard;
			productName = Programming_Keyboard;
			productReference = 410CB21C1DB1229400F586B5 /* Programming_Keyboard.app */;
			productType = "com.apple.product-type.application";
		};
		4119FF111DB17E2D0061F27F /* trieTest */ = {
			isa = PBXNativeTarget;
			buildConfigurationList = 4119FF161DB17E2D0061F27F /* Build configuration list for PBXNativeTarget "trieTest" */;
			buildPhases = (
				4119FF0E1DB17E2D0061F27F /* Sources */,
				4119FF0F1DB17E2D0061F27F /* Frameworks */,
				4119FF101DB17E2D0061F27F /* CopyFiles */,
			);
			buildRules = (
			);
			dependencies = (
			);
			name = trieTest;
			productName = trieTest;
			productReference = 4119FF121DB17E2D0061F27F /* trieTest */;
			productType = "com.apple.product-type.tool";
		};
		41BA1EE81DB2D47B0004220B /* unittests */ = {
			isa = PBXNativeTarget;
			buildConfigurationList = 41BA1EF01DB2D47B0004220B /* Build configuration list for PBXNativeTarget "unittests" */;
			buildPhases = (
				41BA1EE51DB2D47B0004220B /* Sources */,
				41BA1EE61DB2D47B0004220B /* Frameworks */,
				41BA1EE71DB2D47B0004220B /* Resources */,
			);
			buildRules = (
			);
			dependencies = (
			);
			name = unittests;
			productName = unittests;
			productReference = 41BA1EE91DB2D47B0004220B /* unittests.xctest */;
			productType = "com.apple.product-type.bundle.unit-test";
		};
/* End PBXNativeTarget section */

/* Begin PBXProject section */
		410CB2141DB1229400F586B5 /* Project object */ = {
			isa = PBXProject;
			attributes = {
				KnownAssetTags = (
					"Keyboard Area",
				);
				LastUpgradeCheck = 0810;
				ORGANIZATIONNAME = fingerWizards;
				TargetAttributes = {
					410CB21B1DB1229400F586B5 = {
						CreatedOnToolsVersion = 7.2.1;
						DevelopmentTeam = YQ3WE59VN6;
					};
					4119FF111DB17E2D0061F27F = {
						CreatedOnToolsVersion = 7.2.1;
						DevelopmentTeam = YQ3WE59VN6;
						ProvisioningStyle = Automatic;
					};
					41BA1EE81DB2D47B0004220B = {
						CreatedOnToolsVersion = 8.1;
						ProvisioningStyle = Automatic;
					};
				};
			};
			buildConfigurationList = 410CB2171DB1229400F586B5 /* Build configuration list for PBXProject "Programming_Keyboard" */;
			compatibilityVersion = "Xcode 3.2";
			developmentRegion = English;
			hasScannedForEncodings = 0;
			knownRegions = (
				en,
				Base,
			);
			mainGroup = 410CB2131DB1229400F586B5;
			productRefGroup = 410CB21D1DB1229400F586B5 /* Products */;
			projectDirPath = "";
			projectRoot = "";
			targets = (
				410CB21B1DB1229400F586B5 /* Programming_Keyboard */,
				4119FF111DB17E2D0061F27F /* trieTest */,
				41BA1EE81DB2D47B0004220B /* unittests */,
			);
		};
/* End PBXProject section */

/* Begin PBXResourcesBuildPhase section */
		410CB21A1DB1229400F586B5 /* Resources */ = {
			isa = PBXResourcesBuildPhase;
			buildActionMask = 2147483647;
			files = (
				410CB22F1DB1229400F586B5 /* LaunchScreen.storyboard in Resources */,
				410CB22C1DB1229400F586B5 /* Assets.xcassets in Resources */,
				410CB22A1DB1229400F586B5 /* Main.storyboard in Resources */,
			);
			runOnlyForDeploymentPostprocessing = 0;
		};
		41BA1EE71DB2D47B0004220B /* Resources */ = {
			isa = PBXResourcesBuildPhase;
			buildActionMask = 2147483647;
			files = (
			);
			runOnlyForDeploymentPostprocessing = 0;
		};
/* End PBXResourcesBuildPhase section */

/* Begin PBXSourcesBuildPhase section */
		410CB2181DB1229400F586B5 /* Sources */ = {
			isa = PBXSourcesBuildPhase;
			buildActionMask = 2147483647;
			files = (
				4119FF091DB173540061F27F /* CompletionEngine.m in Sources */,
				410CB2271DB1229400F586B5 /* Container.m in Sources */,
				4119FF051DB15ECE0061F27F /* AutoCompletionPanelController.m in Sources */,
				410CB2241DB1229400F586B5 /* AppDelegate.m in Sources */,
				4119FF1B1DB180940061F27F /* Trie.m in Sources */,
				410CB2211DB1229400F586B5 /* main.m in Sources */,
			);
			runOnlyForDeploymentPostprocessing = 0;
		};
		4119FF0E1DB17E2D0061F27F /* Sources */ = {
			isa = PBXSourcesBuildPhase;
			buildActionMask = 2147483647;
			files = (
				4119FF1D1DB180C70061F27F /* Trie.m in Sources */,
				4119FF191DB180490061F27F /* CompletionEngine.m in Sources */,
			);
			runOnlyForDeploymentPostprocessing = 0;
		};
		41BA1EE51DB2D47B0004220B /* Sources */ = {
			isa = PBXSourcesBuildPhase;
			buildActionMask = 2147483647;
			files = (
				41BA1EEC1DB2D47B0004220B /* unittests.m in Sources */,
				41BA1EF21DB2D61F0004220B /* Trie.m in Sources */,
				41BA1EF11DB2D5F80004220B /* CompletionEngine.m in Sources */,
			);
			runOnlyForDeploymentPostprocessing = 0;
		};
/* End PBXSourcesBuildPhase section */

/* Begin PBXVariantGroup section */
		410CB2281DB1229400F586B5 /* Main.storyboard */ = {
			isa = PBXVariantGroup;
			children = (
				410CB2291DB1229400F586B5 /* Base */,
			);
			name = Main.storyboard;
			sourceTree = "<group>";
		};
		410CB22D1DB1229400F586B5 /* LaunchScreen.storyboard */ = {
			isa = PBXVariantGroup;
			children = (
				410CB22E1DB1229400F586B5 /* Base */,
			);
			name = LaunchScreen.storyboard;
			sourceTree = "<group>";
		};
/* End PBXVariantGroup section */

/* Begin XCBuildConfiguration section */
		410CB2311DB1229400F586B5 /* Debug */ = {
			isa = XCBuildConfiguration;
			buildSettings = {
				ALWAYS_SEARCH_USER_PATHS = NO;
				CLANG_CXX_LANGUAGE_STANDARD = "gnu++0x";
				CLANG_CXX_LIBRARY = "libc++";
				CLANG_ENABLE_MODULES = YES;
				CLANG_ENABLE_OBJC_ARC = YES;
				CLANG_WARN_BOOL_CONVERSION = YES;
				CLANG_WARN_CONSTANT_CONVERSION = YES;
				CLANG_WARN_DIRECT_OBJC_ISA_USAGE = YES_ERROR;
				CLANG_WARN_EMPTY_BODY = YES;
				CLANG_WARN_ENUM_CONVERSION = YES;
				CLANG_WARN_INFINITE_RECURSION = YES;
				CLANG_WARN_INT_CONVERSION = YES;
				CLANG_WARN_OBJC_ROOT_CLASS = YES_ERROR;
				CLANG_WARN_SUSPICIOUS_MOVE = YES;
				CLANG_WARN_UNREACHABLE_CODE = YES;
				CLANG_WARN__DUPLICATE_METHOD_MATCH = YES;
				"CODE_SIGN_IDENTITY[sdk=iphoneos*]" = "iPhone Developer";
				COPY_PHASE_STRIP = NO;
				DEBUG_INFORMATION_FORMAT = dwarf;
				ENABLE_STRICT_OBJC_MSGSEND = YES;
				ENABLE_TESTABILITY = YES;
				GCC_C_LANGUAGE_STANDARD = gnu99;
				GCC_DYNAMIC_NO_PIC = NO;
				GCC_NO_COMMON_BLOCKS = YES;
				GCC_OPTIMIZATION_LEVEL = 0;
				GCC_PREPROCESSOR_DEFINITIONS = (
					"DEBUG=1",
					"$(inherited)",
				);
				GCC_WARN_64_TO_32_BIT_CONVERSION = YES;
				GCC_WARN_ABOUT_RETURN_TYPE = YES_ERROR;
				GCC_WARN_UNDECLARED_SELECTOR = YES;
				GCC_WARN_UNINITIALIZED_AUTOS = YES_AGGRESSIVE;
				GCC_WARN_UNUSED_FUNCTION = YES;
				GCC_WARN_UNUSED_VARIABLE = YES;
				IPHONEOS_DEPLOYMENT_TARGET = 10.0;
				MACOSX_DEPLOYMENT_TARGET = 10.11;
				MTL_ENABLE_DEBUG_INFO = YES;
				ONLY_ACTIVE_ARCH = YES;
				SDKROOT = iphoneos;
				TARGETED_DEVICE_FAMILY = 2;
			};
			name = Debug;
		};
		410CB2321DB1229400F586B5 /* Release */ = {
			isa = XCBuildConfiguration;
			buildSettings = {
				ALWAYS_SEARCH_USER_PATHS = NO;
				CLANG_CXX_LANGUAGE_STANDARD = "gnu++0x";
				CLANG_CXX_LIBRARY = "libc++";
				CLANG_ENABLE_MODULES = YES;
				CLANG_ENABLE_OBJC_ARC = YES;
				CLANG_WARN_BOOL_CONVERSION = YES;
				CLANG_WARN_CONSTANT_CONVERSION = YES;
				CLANG_WARN_DIRECT_OBJC_ISA_USAGE = YES_ERROR;
				CLANG_WARN_EMPTY_BODY = YES;
				CLANG_WARN_ENUM_CONVERSION = YES;
				CLANG_WARN_INFINITE_RECURSION = YES;
				CLANG_WARN_INT_CONVERSION = YES;
				CLANG_WARN_OBJC_ROOT_CLASS = YES_ERROR;
				CLANG_WARN_SUSPICIOUS_MOVE = YES;
				CLANG_WARN_UNREACHABLE_CODE = YES;
				CLANG_WARN__DUPLICATE_METHOD_MATCH = YES;
				"CODE_SIGN_IDENTITY[sdk=iphoneos*]" = "iPhone Developer";
				COPY_PHASE_STRIP = NO;
				DEBUG_INFORMATION_FORMAT = "dwarf-with-dsym";
				ENABLE_NS_ASSERTIONS = NO;
				ENABLE_STRICT_OBJC_MSGSEND = YES;
				GCC_C_LANGUAGE_STANDARD = gnu99;
				GCC_NO_COMMON_BLOCKS = YES;
				GCC_WARN_64_TO_32_BIT_CONVERSION = YES;
				GCC_WARN_ABOUT_RETURN_TYPE = YES_ERROR;
				GCC_WARN_UNDECLARED_SELECTOR = YES;
				GCC_WARN_UNINITIALIZED_AUTOS = YES_AGGRESSIVE;
				GCC_WARN_UNUSED_FUNCTION = YES;
				GCC_WARN_UNUSED_VARIABLE = YES;
				IPHONEOS_DEPLOYMENT_TARGET = 10.0;
				MACOSX_DEPLOYMENT_TARGET = 10.11;
				MTL_ENABLE_DEBUG_INFO = NO;
				SDKROOT = iphoneos;
				TARGETED_DEVICE_FAMILY = 2;
				VALIDATE_PRODUCT = YES;
			};
			name = Release;
		};
		410CB2341DB1229400F586B5 /* Debug */ = {
			isa = XCBuildConfiguration;
			buildSettings = {
				ASSETCATALOG_COMPILER_APPICON_NAME = AppIcon;
				INFOPLIST_FILE = Programming_Keyboard/Info.plist;
				LD_RUNPATH_SEARCH_PATHS = "$(inherited) @executable_path/Frameworks";
				PRODUCT_BUNDLE_IDENTIFIER = "fingerwizards.Programming-Keyboard";
				PRODUCT_NAME = "$(TARGET_NAME)";
			};
			name = Debug;
		};
		410CB2351DB1229400F586B5 /* Release */ = {
			isa = XCBuildConfiguration;
			buildSettings = {
				ASSETCATALOG_COMPILER_APPICON_NAME = AppIcon;
				INFOPLIST_FILE = Programming_Keyboard/Info.plist;
				LD_RUNPATH_SEARCH_PATHS = "$(inherited) @executable_path/Frameworks";
				PRODUCT_BUNDLE_IDENTIFIER = "fingerwizards.Programming-Keyboard";
				PRODUCT_NAME = "$(TARGET_NAME)";
			};
			name = Release;
		};
		4119FF171DB17E2D0061F27F /* Debug */ = {
			isa = XCBuildConfiguration;
			buildSettings = {
				CODE_SIGN_IDENTITY = "Mac Developer";
				DEVELOPMENT_TEAM = YQ3WE59VN6;
				INFOPLIST_FILE = "$(SRCROOT)/Programming_Keyboard/Info.plist";
				MACOSX_DEPLOYMENT_TARGET = 10.11;
				PRODUCT_NAME = "$(TARGET_NAME)";
				SDKROOT = macosx;
			};
			name = Debug;
		};
		4119FF181DB17E2D0061F27F /* Release */ = {
			isa = XCBuildConfiguration;
			buildSettings = {
				CODE_SIGN_IDENTITY = "Mac Developer";
				DEVELOPMENT_TEAM = YQ3WE59VN6;
				INFOPLIST_FILE = "$(SRCROOT)/Programming_Keyboard/Info.plist";
				MACOSX_DEPLOYMENT_TARGET = 10.11;
				PRODUCT_NAME = "$(TARGET_NAME)";
				SDKROOT = macosx;
			};
			name = Release;
		};
		41BA1EEE1DB2D47B0004220B /* Debug */ = {
			isa = XCBuildConfiguration;
			buildSettings = {
				CLANG_ANALYZER_NONNULL = YES;
				CLANG_WARN_DOCUMENTATION_COMMENTS = YES;
				CLANG_WARN_INFINITE_RECURSION = YES;
				CLANG_WARN_SUSPICIOUS_MOVES = YES;
				CODE_SIGN_IDENTITY = "-";
				COMBINE_HIDPI_IMAGES = YES;
				INFOPLIST_FILE = unittests/Info.plist;
				LD_RUNPATH_SEARCH_PATHS = "$(inherited) @executable_path/../Frameworks @loader_path/../Frameworks";
				MACOSX_DEPLOYMENT_TARGET = 10.12;
				PRODUCT_BUNDLE_IDENTIFIER = fingerwizards.unittests;
				PRODUCT_NAME = "$(TARGET_NAME)";
				SDKROOT = macosx;
			};
			name = Debug;
		};
		41BA1EEF1DB2D47B0004220B /* Release */ = {
			isa = XCBuildConfiguration;
			buildSettings = {
				CLANG_ANALYZER_NONNULL = YES;
				CLANG_WARN_DOCUMENTATION_COMMENTS = YES;
				CLANG_WARN_INFINITE_RECURSION = YES;
				CLANG_WARN_SUSPICIOUS_MOVES = YES;
				CODE_SIGN_IDENTITY = "-";
				COMBINE_HIDPI_IMAGES = YES;
				INFOPLIST_FILE = unittests/Info.plist;
				LD_RUNPATH_SEARCH_PATHS = "$(inherited) @executable_path/../Frameworks @loader_path/../Frameworks";
				MACOSX_DEPLOYMENT_TARGET = 10.12;
				PRODUCT_BUNDLE_IDENTIFIER = fingerwizards.unittests;
				PRODUCT_NAME = "$(TARGET_NAME)";
				SDKROOT = macosx;
			};
			name = Release;
		};
/* End XCBuildConfiguration section */

/* Begin XCConfigurationList section */
		410CB2171DB1229400F586B5 /* Build configuration list for PBXProject "Programming_Keyboard" */ = {
			isa = XCConfigurationList;
			buildConfigurations = (
				410CB2311DB1229400F586B5 /* Debug */,
				410CB2321DB1229400F586B5 /* Release */,
			);
			defaultConfigurationIsVisible = 0;
			defaultConfigurationName = Release;
		};
		410CB2331DB1229400F586B5 /* Build configuration list for PBXNativeTarget "Programming_Keyboard" */ = {
			isa = XCConfigurationList;
			buildConfigurations = (
				410CB2341DB1229400F586B5 /* Debug */,
				410CB2351DB1229400F586B5 /* Release */,
			);
			defaultConfigurationIsVisible = 0;
			defaultConfigurationName = Release;
		};
		4119FF161DB17E2D0061F27F /* Build configuration list for PBXNativeTarget "trieTest" */ = {
			isa = XCConfigurationList;
			buildConfigurations = (
				4119FF171DB17E2D0061F27F /* Debug */,
				4119FF181DB17E2D0061F27F /* Release */,
			);
			defaultConfigurationIsVisible = 0;
			defaultConfigurationName = Release;
		};
		41BA1EF01DB2D47B0004220B /* Build configuration list for PBXNativeTarget "unittests" */ = {
			isa = XCConfigurationList;
			buildConfigurations = (
				41BA1EEE1DB2D47B0004220B /* Debug */,
				41BA1EEF1DB2D47B0004220B /* Release */,
			);
			defaultConfigurationIsVisible = 0;
			defaultConfigurationName = Release;
		};
/* End XCConfigurationList section */
	};
	rootObject = 410CB2141DB1229400F586B5 /* Project object */;
}
